// !$*UTF8*$!
{
	archiveVersion = 1;
	classes = {
	};
	objectVersion = 46;
	objects = {

/* Begin PBXBuildFile section */
		DA0E94521F052CC00019FE19 /* DetailMenuViewController.swift in Sources */ = {isa = PBXBuildFile; fileRef = DA7C511C1F02E7DC00D5924C /* DetailMenuViewController.swift */; };
		DA11C2701D75183B00ADB348 /* CalendarDelegate.swift in Sources */ = {isa = PBXBuildFile; fileRef = DA11C26F1D75183B00ADB348 /* CalendarDelegate.swift */; };
		DA11C2721D761EA500ADB348 /* Theme.swift in Sources */ = {isa = PBXBuildFile; fileRef = DA11C2711D761EA500ADB348 /* Theme.swift */; };
		DA11C2741D77B5A400ADB348 /* MainEventViewController.swift in Sources */ = {isa = PBXBuildFile; fileRef = DA11C2731D77B5A400ADB348 /* MainEventViewController.swift */; };
		DA11C2771D7B59E700ADB348 /* MapKit.framework in Frameworks */ = {isa = PBXBuildFile; fileRef = DA11C2761D7B59E700ADB348 /* MapKit.framework */; };
		DA11C2791D7B65CF00ADB348 /* ContactsViewController.swift in Sources */ = {isa = PBXBuildFile; fileRef = DA11C2781D7B65CF00ADB348 /* ContactsViewController.swift */; };
		DA11C27B1D7B6F1700ADB348 /* MenuViewController.swift in Sources */ = {isa = PBXBuildFile; fileRef = DA11C27A1D7B6F1700ADB348 /* MenuViewController.swift */; };
		DA11C2801D7DE84B00ADB348 /* NewContactViewController.swift in Sources */ = {isa = PBXBuildFile; fileRef = DA11C27F1D7DE84B00ADB348 /* NewContactViewController.swift */; };
		DA26950C1EDF9B4000EB73B7 /* OnBoard.storyboard in Resources */ = {isa = PBXBuildFile; fileRef = DA26950A1EDF9B4000EB73B7 /* OnBoard.storyboard */; };
		DA3941631E70A23800E14D01 /* TrackingClient.swift in Sources */ = {isa = PBXBuildFile; fileRef = DA3941621E70A23800E14D01 /* TrackingClient.swift */; };
		DA3941651E70B0D700E14D01 /* TrackValue.swift in Sources */ = {isa = PBXBuildFile; fileRef = DA3941641E70B0D700E14D01 /* TrackValue.swift */; };
		DA5D57E61E8ADF8100F50CE1 /* CloudEvent.swift in Sources */ = {isa = PBXBuildFile; fileRef = DA5D57E51E8ADF8100F50CE1 /* CloudEvent.swift */; };
		DA71725E1E93E639007F414A /* LoginModel.swift in Sources */ = {isa = PBXBuildFile; fileRef = DA71725D1E93E639007F414A /* LoginModel.swift */; };
		DA75FEA21EA564B200B2FD2D /* EventModel.swift in Sources */ = {isa = PBXBuildFile; fileRef = DA75FEA11EA564B200B2FD2D /* EventModel.swift */; };
		DAA1562A1F05C25C00D39D12 /* HomeTableViewCell.xib in Resources */ = {isa = PBXBuildFile; fileRef = DAA156281F05C25C00D39D12 /* HomeTableViewCell.xib */; };
		DAB2CA461E79F7DA004AB652 /* ClientDeviceInformation.swift in Sources */ = {isa = PBXBuildFile; fileRef = DAB2CA401E79F7DA004AB652 /* ClientDeviceInformation.swift */; };
		DAB2CA471E79F7DA004AB652 /* ClientDeviceInformationImpl.swift in Sources */ = {isa = PBXBuildFile; fileRef = DAB2CA411E79F7DA004AB652 /* ClientDeviceInformationImpl.swift */; };
		DAB2CA481E79F7DA004AB652 /* DeviceRegistration.swift in Sources */ = {isa = PBXBuildFile; fileRef = DAB2CA421E79F7DA004AB652 /* DeviceRegistration.swift */; };
		DAB2CA491E79F7DA004AB652 /* Info.plist in Resources */ = {isa = PBXBuildFile; fileRef = DAB2CA431E79F7DA004AB652 /* Info.plist */; };
		DAB2CA4A1E79F7DA004AB652 /* PushAnalytics.swift in Sources */ = {isa = PBXBuildFile; fileRef = DAB2CA451E79F7DA004AB652 /* PushAnalytics.swift */; };
		DAC4CF641D7F671D00577376 /* NewMenuViewController.swift in Sources */ = {isa = PBXBuildFile; fileRef = DAC4CF631D7F671D00577376 /* NewMenuViewController.swift */; };
		DACB22831EE05CC8007D6C4A /* OnboardPageController.swift in Sources */ = {isa = PBXBuildFile; fileRef = DACB22821EE05CC8007D6C4A /* OnboardPageController.swift */; };
		DACB228D1EE0646F007D6C4A /* GoogleService-Info.plist in Resources */ = {isa = PBXBuildFile; fileRef = DACB228C1EE0646F007D6C4A /* GoogleService-Info.plist */; };
		DACB228F1EE0DC8C007D6C4A /* LocatioOnboardViewController.swift in Sources */ = {isa = PBXBuildFile; fileRef = DACB228E1EE0DC8C007D6C4A /* LocatioOnboardViewController.swift */; };
		DACB22911EE0E5E3007D6C4A /* PushOnboardViewController.swift in Sources */ = {isa = PBXBuildFile; fileRef = DACB22901EE0E5E3007D6C4A /* PushOnboardViewController.swift */; };
		DAD3621F1D9DBD5E00B692F9 /* Parser.swift in Sources */ = {isa = PBXBuildFile; fileRef = DAD3621A1D9DBD5E00B692F9 /* Parser.swift */; };
		DAD362201D9DBD5E00B692F9 /* Request.swift in Sources */ = {isa = PBXBuildFile; fileRef = DAD3621B1D9DBD5E00B692F9 /* Request.swift */; };
		DAD362231D9E9E0200B692F9 /* SocialClient.swift in Sources */ = {isa = PBXBuildFile; fileRef = DAD362221D9E9E0200B692F9 /* SocialClient.swift */; };
		DAD8C6A11EE353CF00D13C98 /* RegistrationOnboardViewController.swift in Sources */ = {isa = PBXBuildFile; fileRef = DAD8C6A01EE353CF00D13C98 /* RegistrationOnboardViewController.swift */; };
		DADC85561F0998E100967EDE /* ActivityIndicator.swift in Sources */ = {isa = PBXBuildFile; fileRef = DADC854C1F09975500967EDE /* ActivityIndicator.swift */; };
		DADC85571F0998E400967EDE /* SwitchFieldView.swift in Sources */ = {isa = PBXBuildFile; fileRef = DADC854B1F09974600967EDE /* SwitchFieldView.swift */; };
		DADC85581F0998E700967EDE /* FieldView.swift in Sources */ = {isa = PBXBuildFile; fileRef = DADC854E1F09977500967EDE /* FieldView.swift */; };
		DADC85591F0998E900967EDE /* HomeTableViewCell.swift in Sources */ = {isa = PBXBuildFile; fileRef = DADC85551F09987900967EDE /* HomeTableViewCell.swift */; };
		DADC855A1F0998F400967EDE /* CalendarCollectionViewControll.swift in Sources */ = {isa = PBXBuildFile; fileRef = DADC85511F09980100967EDE /* CalendarCollectionViewControll.swift */; };
		DADC855B1F0998F400967EDE /* CalendarHeader.swift in Sources */ = {isa = PBXBuildFile; fileRef = DADC854F1F09980100967EDE /* CalendarHeader.swift */; };
		DADC855C1F0998F400967EDE /* CalendarModel.swift in Sources */ = {isa = PBXBuildFile; fileRef = DADC85531F09980200967EDE /* CalendarModel.swift */; };
		DADC855D1F0998F400967EDE /* CalendarUtilities.swift in Sources */ = {isa = PBXBuildFile; fileRef = DADC85521F09980200967EDE /* CalendarUtilities.swift */; };
		DADC855E1F0998F400967EDE /* MonthView.swift in Sources */ = {isa = PBXBuildFile; fileRef = DADC85501F09980100967EDE /* MonthView.swift */; };
		DADC855F1F0998F400967EDE /* CalendarCell.swift in Sources */ = {isa = PBXBuildFile; fileRef = DADC85541F09983F00967EDE /* CalendarCell.swift */; };
		DAE291CA1D6E432B005799CB /* AppDelegate.swift in Sources */ = {isa = PBXBuildFile; fileRef = DAE291C91D6E432B005799CB /* AppDelegate.swift */; };
		DAE291D41D6E432B005799CB /* Assets.xcassets in Resources */ = {isa = PBXBuildFile; fileRef = DAE291D31D6E432B005799CB /* Assets.xcassets */; };
		DAE291D71D6E432B005799CB /* LaunchScreen.storyboard in Resources */ = {isa = PBXBuildFile; fileRef = DAE291D51D6E432B005799CB /* LaunchScreen.storyboard */; };
		DAE291ED1D6E432B005799CB /* Easy_PlannerUITests.swift in Sources */ = {isa = PBXBuildFile; fileRef = DAE291EC1D6E432B005799CB /* Easy_PlannerUITests.swift */; };
		DAE292071D70D6EF005799CB /* EasyPlanner.xcdatamodeld in Sources */ = {isa = PBXBuildFile; fileRef = DAE291FB1D70D6EF005799CB /* EasyPlanner.xcdatamodeld */; };
		DAE2920B1D70DF8B005799CB /* HomeViewController.swift in Sources */ = {isa = PBXBuildFile; fileRef = DAE2920A1D70DF8B005799CB /* HomeViewController.swift */; };
		DAE292281D71E39E005799CB /* Event.swift in Sources */ = {isa = PBXBuildFile; fileRef = DAE292121D71E39E005799CB /* Event.swift */; };
		DAE292291D71E39E005799CB /* Event+CoreDataProperties.swift in Sources */ = {isa = PBXBuildFile; fileRef = DAE292131D71E39E005799CB /* Event+CoreDataProperties.swift */; };
		DAE2922A1D71E39E005799CB /* EventMisc.swift in Sources */ = {isa = PBXBuildFile; fileRef = DAE292141D71E39E005799CB /* EventMisc.swift */; };
		DAE2922B1D71E39E005799CB /* EventMisc+CoreDataProperties.swift in Sources */ = {isa = PBXBuildFile; fileRef = DAE292151D71E39E005799CB /* EventMisc+CoreDataProperties.swift */; };
		DAE2922C1D71E39E005799CB /* Image.swift in Sources */ = {isa = PBXBuildFile; fileRef = DAE292161D71E39E005799CB /* Image.swift */; };
		DAE2922D1D71E39E005799CB /* Image+CoreDataProperties.swift in Sources */ = {isa = PBXBuildFile; fileRef = DAE292171D71E39E005799CB /* Image+CoreDataProperties.swift */; };
		DAE2922E1D71E39E005799CB /* Invitation.swift in Sources */ = {isa = PBXBuildFile; fileRef = DAE292181D71E39E005799CB /* Invitation.swift */; };
		DAE2922F1D71E39E005799CB /* Invitation+CoreDataProperties.swift in Sources */ = {isa = PBXBuildFile; fileRef = DAE292191D71E39E005799CB /* Invitation+CoreDataProperties.swift */; };
		DAE292301D71E39E005799CB /* Menu.swift in Sources */ = {isa = PBXBuildFile; fileRef = DAE2921A1D71E39E005799CB /* Menu.swift */; };
		DAE292311D71E39E005799CB /* Menu+CoreDataProperties.swift in Sources */ = {isa = PBXBuildFile; fileRef = DAE2921B1D71E39E005799CB /* Menu+CoreDataProperties.swift */; };
		DAE292321D71E39E005799CB /* Misc.swift in Sources */ = {isa = PBXBuildFile; fileRef = DAE2921C1D71E39E005799CB /* Misc.swift */; };
		DAE292331D71E39E005799CB /* Misc+CoreDataProperties.swift in Sources */ = {isa = PBXBuildFile; fileRef = DAE2921D1D71E39E005799CB /* Misc+CoreDataProperties.swift */; };
		DAE292341D71E39E005799CB /* Music.swift in Sources */ = {isa = PBXBuildFile; fileRef = DAE2921E1D71E39E005799CB /* Music.swift */; };
		DAE292351D71E39E005799CB /* Music+CoreDataProperties.swift in Sources */ = {isa = PBXBuildFile; fileRef = DAE2921F1D71E39E005799CB /* Music+CoreDataProperties.swift */; };
		DAE292361D71E39E005799CB /* Option.swift in Sources */ = {isa = PBXBuildFile; fileRef = DAE292201D71E39E005799CB /* Option.swift */; };
		DAE292371D71E39E005799CB /* Option+CoreDataProperties.swift in Sources */ = {isa = PBXBuildFile; fileRef = DAE292211D71E39E005799CB /* Option+CoreDataProperties.swift */; };
		DAE292381D71E39E005799CB /* Place.swift in Sources */ = {isa = PBXBuildFile; fileRef = DAE292221D71E39E005799CB /* Place.swift */; };
		DAE292391D71E39E005799CB /* Place+CoreDataProperties.swift in Sources */ = {isa = PBXBuildFile; fileRef = DAE292231D71E39E005799CB /* Place+CoreDataProperties.swift */; };
		DAE2923A1D71E39E005799CB /* Tables.swift in Sources */ = {isa = PBXBuildFile; fileRef = DAE292241D71E39E005799CB /* Tables.swift */; };
		DAE2923B1D71E39E005799CB /* Tables+CoreDataProperties.swift in Sources */ = {isa = PBXBuildFile; fileRef = DAE292251D71E39E005799CB /* Tables+CoreDataProperties.swift */; };
		DAE2923C1D71E39E005799CB /* Text.swift in Sources */ = {isa = PBXBuildFile; fileRef = DAE292261D71E39E005799CB /* Text.swift */; };
		DAE2923D1D71E39E005799CB /* Text+CoreDataProperties.swift in Sources */ = {isa = PBXBuildFile; fileRef = DAE292271D71E39E005799CB /* Text+CoreDataProperties.swift */; };
		DAE292421D71E3A9005799CB /* Chair.swift in Sources */ = {isa = PBXBuildFile; fileRef = DAE2923E1D71E3A9005799CB /* Chair.swift */; };
		DAE292431D71E3A9005799CB /* Chair+CoreDataProperties.swift in Sources */ = {isa = PBXBuildFile; fileRef = DAE2923F1D71E3A9005799CB /* Chair+CoreDataProperties.swift */; };
		DAE292441D71E3A9005799CB /* Contact.swift in Sources */ = {isa = PBXBuildFile; fileRef = DAE292401D71E3A9005799CB /* Contact.swift */; };
		DAE292451D71E3A9005799CB /* Contact+CoreDataProperties.swift in Sources */ = {isa = PBXBuildFile; fileRef = DAE292411D71E3A9005799CB /* Contact+CoreDataProperties.swift */; };
		DAE292471D71E578005799CB /* EventManager.swift in Sources */ = {isa = PBXBuildFile; fileRef = DAE292461D71E578005799CB /* EventManager.swift */; };
		DAE292491D71E5B0005799CB /* DataController.swift in Sources */ = {isa = PBXBuildFile; fileRef = DAE292481D71E5B0005799CB /* DataController.swift */; };
		DAE2924C1D71EB7E005799CB /* NotificationController.swift in Sources */ = {isa = PBXBuildFile; fileRef = DAE2924B1D71EB7E005799CB /* NotificationController.swift */; };
		DAE2D1DC1EDE142800550EA2 /* FacebookSDKStrings.bundle in Resources */ = {isa = PBXBuildFile; fileRef = DAE2D1DB1EDE142800550EA2 /* FacebookSDKStrings.bundle */; };
		DAE732CE1D833DC700B58160 /* Preferences.swift in Sources */ = {isa = PBXBuildFile; fileRef = DAE732CD1D833DC700B58160 /* Preferences.swift */; };
		DAEDBE661E8EC25C0097D3AD /* CloudEventViewController.swift in Sources */ = {isa = PBXBuildFile; fileRef = DAEDBE651E8EC25C0097D3AD /* CloudEventViewController.swift */; };
		ECDBD19FA41246102376E56B /* Pods_Easy_Planner.framework in Frameworks */ = {isa = PBXBuildFile; fileRef = 53EA6DF5B1C66C47F4A48B91 /* Pods_Easy_Planner.framework */; };
/* End PBXBuildFile section */

/* Begin PBXContainerItemProxy section */
		DAE291E91D6E432B005799CB /* PBXContainerItemProxy */ = {
			isa = PBXContainerItemProxy;
			containerPortal = DAE291BE1D6E432A005799CB /* Project object */;
			proxyType = 1;
			remoteGlobalIDString = DAE291C51D6E432A005799CB;
			remoteInfo = "Easy Planner";
		};
/* End PBXContainerItemProxy section */

/* Begin PBXFileReference section */
		4496E25103AD86445CF7A855 /* Pods-Easy Planner.release.xcconfig */ = {isa = PBXFileReference; includeInIndex = 1; lastKnownFileType = text.xcconfig; name = "Pods-Easy Planner.release.xcconfig"; path = "Pods/Target Support Files/Pods-Easy Planner/Pods-Easy Planner.release.xcconfig"; sourceTree = "<group>"; };
		53EA6DF5B1C66C47F4A48B91 /* Pods_Easy_Planner.framework */ = {isa = PBXFileReference; explicitFileType = wrapper.framework; includeInIndex = 0; path = Pods_Easy_Planner.framework; sourceTree = BUILT_PRODUCTS_DIR; };
		DA0E94531F0532970019FE19 /* EasyPlanner 12.xcdatamodel */ = {isa = PBXFileReference; lastKnownFileType = wrapper.xcdatamodel; path = "EasyPlanner 12.xcdatamodel"; sourceTree = "<group>"; };
		DA11C26F1D75183B00ADB348 /* CalendarDelegate.swift */ = {isa = PBXFileReference; fileEncoding = 4; lastKnownFileType = sourcecode.swift; name = CalendarDelegate.swift; path = Protocol/CalendarDelegate.swift; sourceTree = "<group>"; };
		DA11C2711D761EA500ADB348 /* Theme.swift */ = {isa = PBXFileReference; fileEncoding = 4; lastKnownFileType = sourcecode.swift; name = Theme.swift; path = Misc/Theme.swift; sourceTree = "<group>"; };
		DA11C2731D77B5A400ADB348 /* MainEventViewController.swift */ = {isa = PBXFileReference; fileEncoding = 4; lastKnownFileType = sourcecode.swift; name = MainEventViewController.swift; path = "View Controller/MainEventViewController.swift"; sourceTree = "<group>"; };
		DA11C2761D7B59E700ADB348 /* MapKit.framework */ = {isa = PBXFileReference; lastKnownFileType = wrapper.framework; name = MapKit.framework; path = System/Library/Frameworks/MapKit.framework; sourceTree = SDKROOT; };
		DA11C2781D7B65CF00ADB348 /* ContactsViewController.swift */ = {isa = PBXFileReference; fileEncoding = 4; lastKnownFileType = sourcecode.swift; path = ContactsViewController.swift; sourceTree = "<group>"; };
		DA11C27A1D7B6F1700ADB348 /* MenuViewController.swift */ = {isa = PBXFileReference; fileEncoding = 4; lastKnownFileType = sourcecode.swift; path = MenuViewController.swift; sourceTree = "<group>"; };
		DA11C27F1D7DE84B00ADB348 /* NewContactViewController.swift */ = {isa = PBXFileReference; fileEncoding = 4; lastKnownFileType = sourcecode.swift; path = NewContactViewController.swift; sourceTree = "<group>"; };
		DA26950B1EDF9B4000EB73B7 /* Base */ = {isa = PBXFileReference; lastKnownFileType = file.storyboard; name = Base; path = Base.lproj/OnBoard.storyboard; sourceTree = "<group>"; };
		DA2BB3231F0FFB5700973B9B /* EasyPlanner 13.xcdatamodel */ = {isa = PBXFileReference; lastKnownFileType = wrapper.xcdatamodel; path = "EasyPlanner 13.xcdatamodel"; sourceTree = "<group>"; };
		DA3941621E70A23800E14D01 /* TrackingClient.swift */ = {isa = PBXFileReference; fileEncoding = 4; lastKnownFileType = sourcecode.swift; name = TrackingClient.swift; path = Network/TrackingClient.swift; sourceTree = "<group>"; };
		DA3941641E70B0D700E14D01 /* TrackValue.swift */ = {isa = PBXFileReference; fileEncoding = 4; lastKnownFileType = sourcecode.swift; name = TrackValue.swift; path = Misc/TrackValue.swift; sourceTree = "<group>"; };
		DA5D57E51E8ADF8100F50CE1 /* CloudEvent.swift */ = {isa = PBXFileReference; fileEncoding = 4; lastKnownFileType = sourcecode.swift; path = CloudEvent.swift; sourceTree = "<group>"; };
		DA71725D1E93E639007F414A /* LoginModel.swift */ = {isa = PBXFileReference; fileEncoding = 4; lastKnownFileType = sourcecode.swift; name = LoginModel.swift; path = Network/LoginModel.swift; sourceTree = "<group>"; };
		DA75FEA11EA564B200B2FD2D /* EventModel.swift */ = {isa = PBXFileReference; fileEncoding = 4; lastKnownFileType = sourcecode.swift; name = EventModel.swift; path = Network/EventModel.swift; sourceTree = "<group>"; };
		DA7C511C1F02E7DC00D5924C /* DetailMenuViewController.swift */ = {isa = PBXFileReference; lastKnownFileType = sourcecode.swift; path = DetailMenuViewController.swift; sourceTree = "<group>"; };
		DAA156281F05C25C00D39D12 /* HomeTableViewCell.xib */ = {isa = PBXFileReference; lastKnownFileType = file.xib; path = HomeTableViewCell.xib; sourceTree = "<group>"; };
		DAB2CA3B1E79F5B2004AB652 /* Easy Planner-Bridging-Header.h */ = {isa = PBXFileReference; lastKnownFileType = sourcecode.c.h; path = "Easy Planner-Bridging-Header.h"; sourceTree = "<group>"; };
		DAB2CA401E79F7DA004AB652 /* ClientDeviceInformation.swift */ = {isa = PBXFileReference; fileEncoding = 4; lastKnownFileType = sourcecode.swift; name = ClientDeviceInformation.swift; path = AeroGear/ClientDeviceInformation.swift; sourceTree = "<group>"; };
		DAB2CA411E79F7DA004AB652 /* ClientDeviceInformationImpl.swift */ = {isa = PBXFileReference; fileEncoding = 4; lastKnownFileType = sourcecode.swift; name = ClientDeviceInformationImpl.swift; path = AeroGear/ClientDeviceInformationImpl.swift; sourceTree = "<group>"; };
		DAB2CA421E79F7DA004AB652 /* DeviceRegistration.swift */ = {isa = PBXFileReference; fileEncoding = 4; lastKnownFileType = sourcecode.swift; name = DeviceRegistration.swift; path = AeroGear/DeviceRegistration.swift; sourceTree = "<group>"; };
		DAB2CA431E79F7DA004AB652 /* Info.plist */ = {isa = PBXFileReference; fileEncoding = 4; lastKnownFileType = text.plist.xml; name = Info.plist; path = AeroGear/Info.plist; sourceTree = "<group>"; };
		DAB2CA441E79F7DA004AB652 /* push-sdk-swift.h */ = {isa = PBXFileReference; fileEncoding = 4; lastKnownFileType = sourcecode.c.h; name = "push-sdk-swift.h"; path = "AeroGear/push-sdk-swift.h"; sourceTree = "<group>"; };
		DAB2CA451E79F7DA004AB652 /* PushAnalytics.swift */ = {isa = PBXFileReference; fileEncoding = 4; lastKnownFileType = sourcecode.swift; name = PushAnalytics.swift; path = AeroGear/PushAnalytics.swift; sourceTree = "<group>"; };
		DAC4CF631D7F671D00577376 /* NewMenuViewController.swift */ = {isa = PBXFileReference; fileEncoding = 4; lastKnownFileType = sourcecode.swift; path = NewMenuViewController.swift; sourceTree = "<group>"; };
		DACB22821EE05CC8007D6C4A /* OnboardPageController.swift */ = {isa = PBXFileReference; fileEncoding = 4; lastKnownFileType = sourcecode.swift; name = OnboardPageController.swift; path = Onboard/OnboardPageController.swift; sourceTree = "<group>"; };
		DACB228C1EE0646F007D6C4A /* GoogleService-Info.plist */ = {isa = PBXFileReference; fileEncoding = 4; lastKnownFileType = text.plist.xml; path = "GoogleService-Info.plist"; sourceTree = "<group>"; };
		DACB228E1EE0DC8C007D6C4A /* LocatioOnboardViewController.swift */ = {isa = PBXFileReference; fileEncoding = 4; lastKnownFileType = sourcecode.swift; name = LocatioOnboardViewController.swift; path = Onboard/LocatioOnboardViewController.swift; sourceTree = "<group>"; };
		DACB22901EE0E5E3007D6C4A /* PushOnboardViewController.swift */ = {isa = PBXFileReference; fileEncoding = 4; lastKnownFileType = sourcecode.swift; name = PushOnboardViewController.swift; path = Onboard/PushOnboardViewController.swift; sourceTree = "<group>"; };
		DAD362161D9DA9BE00B692F9 /* Easy Planner.entitlements */ = {isa = PBXFileReference; lastKnownFileType = text.plist.entitlements; path = "Easy Planner.entitlements"; sourceTree = "<group>"; };
		DAD3621A1D9DBD5E00B692F9 /* Parser.swift */ = {isa = PBXFileReference; fileEncoding = 4; lastKnownFileType = sourcecode.swift; name = Parser.swift; path = Network/Parser.swift; sourceTree = "<group>"; };
		DAD3621B1D9DBD5E00B692F9 /* Request.swift */ = {isa = PBXFileReference; fileEncoding = 4; lastKnownFileType = sourcecode.swift; name = Request.swift; path = Network/Request.swift; sourceTree = "<group>"; };
		DAD362221D9E9E0200B692F9 /* SocialClient.swift */ = {isa = PBXFileReference; fileEncoding = 4; lastKnownFileType = sourcecode.swift; name = SocialClient.swift; path = Network/SocialClient.swift; sourceTree = "<group>"; };
		DAD8C6A01EE353CF00D13C98 /* RegistrationOnboardViewController.swift */ = {isa = PBXFileReference; fileEncoding = 4; lastKnownFileType = sourcecode.swift; name = RegistrationOnboardViewController.swift; path = "View Controller/RegistrationOnboardViewController.swift"; sourceTree = "<group>"; };
		DADC854B1F09974600967EDE /* SwitchFieldView.swift */ = {isa = PBXFileReference; lastKnownFileType = sourcecode.swift; path = SwitchFieldView.swift; sourceTree = "<group>"; };
		DADC854C1F09975500967EDE /* ActivityIndicator.swift */ = {isa = PBXFileReference; lastKnownFileType = sourcecode.swift; path = ActivityIndicator.swift; sourceTree = "<group>"; };
		DADC854E1F09977500967EDE /* FieldView.swift */ = {isa = PBXFileReference; lastKnownFileType = sourcecode.swift; path = FieldView.swift; sourceTree = "<group>"; };
		DADC854F1F09980100967EDE /* CalendarHeader.swift */ = {isa = PBXFileReference; lastKnownFileType = sourcecode.swift; path = CalendarHeader.swift; sourceTree = "<group>"; };
		DADC85501F09980100967EDE /* MonthView.swift */ = {isa = PBXFileReference; lastKnownFileType = sourcecode.swift; path = MonthView.swift; sourceTree = "<group>"; };
		DADC85511F09980100967EDE /* CalendarCollectionViewControll.swift */ = {isa = PBXFileReference; lastKnownFileType = sourcecode.swift; path = CalendarCollectionViewControll.swift; sourceTree = "<group>"; };
		DADC85521F09980200967EDE /* CalendarUtilities.swift */ = {isa = PBXFileReference; lastKnownFileType = sourcecode.swift; path = CalendarUtilities.swift; sourceTree = "<group>"; };
		DADC85531F09980200967EDE /* CalendarModel.swift */ = {isa = PBXFileReference; lastKnownFileType = sourcecode.swift; path = CalendarModel.swift; sourceTree = "<group>"; };
		DADC85541F09983F00967EDE /* CalendarCell.swift */ = {isa = PBXFileReference; lastKnownFileType = sourcecode.swift; path = CalendarCell.swift; sourceTree = "<group>"; };
		DADC85551F09987900967EDE /* HomeTableViewCell.swift */ = {isa = PBXFileReference; lastKnownFileType = sourcecode.swift; path = HomeTableViewCell.swift; sourceTree = "<group>"; };
		DAE291C61D6E432B005799CB /* Easy Planner.app */ = {isa = PBXFileReference; explicitFileType = wrapper.application; includeInIndex = 0; path = "Easy Planner.app"; sourceTree = BUILT_PRODUCTS_DIR; };
		DAE291C91D6E432B005799CB /* AppDelegate.swift */ = {isa = PBXFileReference; lastKnownFileType = sourcecode.swift; path = AppDelegate.swift; sourceTree = "<group>"; };
		DAE291D31D6E432B005799CB /* Assets.xcassets */ = {isa = PBXFileReference; lastKnownFileType = folder.assetcatalog; path = Assets.xcassets; sourceTree = "<group>"; };
		DAE291D61D6E432B005799CB /* Base */ = {isa = PBXFileReference; lastKnownFileType = file.storyboard; name = Base; path = Base.lproj/LaunchScreen.storyboard; sourceTree = "<group>"; };
		DAE291D81D6E432B005799CB /* Info.plist */ = {isa = PBXFileReference; lastKnownFileType = text.plist.xml; path = Info.plist; sourceTree = "<group>"; };
		DAE291E11D6E432B005799CB /* Easy_PlannerTests.swift */ = {isa = PBXFileReference; lastKnownFileType = sourcecode.swift; path = Easy_PlannerTests.swift; sourceTree = "<group>"; };
		DAE291E31D6E432B005799CB /* Info.plist */ = {isa = PBXFileReference; lastKnownFileType = text.plist.xml; path = Info.plist; sourceTree = "<group>"; };
		DAE291E81D6E432B005799CB /* Easy PlannerUITests.xctest */ = {isa = PBXFileReference; explicitFileType = wrapper.cfbundle; includeInIndex = 0; path = "Easy PlannerUITests.xctest"; sourceTree = BUILT_PRODUCTS_DIR; };
		DAE291EC1D6E432B005799CB /* Easy_PlannerUITests.swift */ = {isa = PBXFileReference; lastKnownFileType = sourcecode.swift; path = Easy_PlannerUITests.swift; sourceTree = "<group>"; };
		DAE291EE1D6E432B005799CB /* Info.plist */ = {isa = PBXFileReference; lastKnownFileType = text.plist.xml; path = Info.plist; sourceTree = "<group>"; };
		DAE291FC1D70D6EF005799CB /* EasyPlanner 10.xcdatamodel */ = {isa = PBXFileReference; lastKnownFileType = wrapper.xcdatamodel; path = "EasyPlanner 10.xcdatamodel"; sourceTree = "<group>"; };
		DAE291FD1D70D6EF005799CB /* EasyPlanner 11.xcdatamodel */ = {isa = PBXFileReference; lastKnownFileType = wrapper.xcdatamodel; path = "EasyPlanner 11.xcdatamodel"; sourceTree = "<group>"; };
		DAE291FE1D70D6EF005799CB /* EasyPlanner 2.xcdatamodel */ = {isa = PBXFileReference; lastKnownFileType = wrapper.xcdatamodel; path = "EasyPlanner 2.xcdatamodel"; sourceTree = "<group>"; };
		DAE291FF1D70D6EF005799CB /* EasyPlanner 3.xcdatamodel */ = {isa = PBXFileReference; lastKnownFileType = wrapper.xcdatamodel; path = "EasyPlanner 3.xcdatamodel"; sourceTree = "<group>"; };
		DAE292001D70D6EF005799CB /* EasyPlanner 4.xcdatamodel */ = {isa = PBXFileReference; lastKnownFileType = wrapper.xcdatamodel; path = "EasyPlanner 4.xcdatamodel"; sourceTree = "<group>"; };
		DAE292011D70D6EF005799CB /* EasyPlanner 5.xcdatamodel */ = {isa = PBXFileReference; lastKnownFileType = wrapper.xcdatamodel; path = "EasyPlanner 5.xcdatamodel"; sourceTree = "<group>"; };
		DAE292021D70D6EF005799CB /* EasyPlanner 6.xcdatamodel */ = {isa = PBXFileReference; lastKnownFileType = wrapper.xcdatamodel; path = "EasyPlanner 6.xcdatamodel"; sourceTree = "<group>"; };
		DAE292031D70D6EF005799CB /* EasyPlanner 7.xcdatamodel */ = {isa = PBXFileReference; lastKnownFileType = wrapper.xcdatamodel; path = "EasyPlanner 7.xcdatamodel"; sourceTree = "<group>"; };
		DAE292041D70D6EF005799CB /* EasyPlanner 8.xcdatamodel */ = {isa = PBXFileReference; lastKnownFileType = wrapper.xcdatamodel; path = "EasyPlanner 8.xcdatamodel"; sourceTree = "<group>"; };
		DAE292051D70D6EF005799CB /* EasyPlanner 9.xcdatamodel */ = {isa = PBXFileReference; lastKnownFileType = wrapper.xcdatamodel; path = "EasyPlanner 9.xcdatamodel"; sourceTree = "<group>"; };
		DAE292061D70D6EF005799CB /* EasyPlanner.xcdatamodel */ = {isa = PBXFileReference; lastKnownFileType = wrapper.xcdatamodel; path = EasyPlanner.xcdatamodel; sourceTree = "<group>"; };
		DAE2920A1D70DF8B005799CB /* HomeViewController.swift */ = {isa = PBXFileReference; fileEncoding = 4; lastKnownFileType = sourcecode.swift; name = HomeViewController.swift; path = "View Controller/HomeViewController.swift"; sourceTree = "<group>"; };
		DAE292121D71E39E005799CB /* Event.swift */ = {isa = PBXFileReference; fileEncoding = 4; lastKnownFileType = sourcecode.swift; name = Event.swift; path = CoreData/Event.swift; sourceTree = SOURCE_ROOT; };
		DAE292131D71E39E005799CB /* Event+CoreDataProperties.swift */ = {isa = PBXFileReference; fileEncoding = 4; lastKnownFileType = sourcecode.swift; name = "Event+CoreDataProperties.swift"; path = "CoreData/Event+CoreDataProperties.swift"; sourceTree = SOURCE_ROOT; };
		DAE292141D71E39E005799CB /* EventMisc.swift */ = {isa = PBXFileReference; fileEncoding = 4; lastKnownFileType = sourcecode.swift; name = EventMisc.swift; path = CoreData/EventMisc.swift; sourceTree = SOURCE_ROOT; };
		DAE292151D71E39E005799CB /* EventMisc+CoreDataProperties.swift */ = {isa = PBXFileReference; fileEncoding = 4; lastKnownFileType = sourcecode.swift; name = "EventMisc+CoreDataProperties.swift"; path = "CoreData/EventMisc+CoreDataProperties.swift"; sourceTree = SOURCE_ROOT; };
		DAE292161D71E39E005799CB /* Image.swift */ = {isa = PBXFileReference; fileEncoding = 4; lastKnownFileType = sourcecode.swift; name = Image.swift; path = CoreData/Image.swift; sourceTree = SOURCE_ROOT; };
		DAE292171D71E39E005799CB /* Image+CoreDataProperties.swift */ = {isa = PBXFileReference; fileEncoding = 4; lastKnownFileType = sourcecode.swift; name = "Image+CoreDataProperties.swift"; path = "CoreData/Image+CoreDataProperties.swift"; sourceTree = SOURCE_ROOT; };
		DAE292181D71E39E005799CB /* Invitation.swift */ = {isa = PBXFileReference; fileEncoding = 4; lastKnownFileType = sourcecode.swift; name = Invitation.swift; path = CoreData/Invitation.swift; sourceTree = SOURCE_ROOT; };
		DAE292191D71E39E005799CB /* Invitation+CoreDataProperties.swift */ = {isa = PBXFileReference; fileEncoding = 4; lastKnownFileType = sourcecode.swift; name = "Invitation+CoreDataProperties.swift"; path = "CoreData/Invitation+CoreDataProperties.swift"; sourceTree = SOURCE_ROOT; };
		DAE2921A1D71E39E005799CB /* Menu.swift */ = {isa = PBXFileReference; fileEncoding = 4; lastKnownFileType = sourcecode.swift; name = Menu.swift; path = CoreData/Menu.swift; sourceTree = SOURCE_ROOT; };
		DAE2921B1D71E39E005799CB /* Menu+CoreDataProperties.swift */ = {isa = PBXFileReference; fileEncoding = 4; lastKnownFileType = sourcecode.swift; name = "Menu+CoreDataProperties.swift"; path = "CoreData/Menu+CoreDataProperties.swift"; sourceTree = SOURCE_ROOT; };
		DAE2921C1D71E39E005799CB /* Misc.swift */ = {isa = PBXFileReference; fileEncoding = 4; lastKnownFileType = sourcecode.swift; name = Misc.swift; path = CoreData/Misc.swift; sourceTree = SOURCE_ROOT; };
		DAE2921D1D71E39E005799CB /* Misc+CoreDataProperties.swift */ = {isa = PBXFileReference; fileEncoding = 4; lastKnownFileType = sourcecode.swift; name = "Misc+CoreDataProperties.swift"; path = "CoreData/Misc+CoreDataProperties.swift"; sourceTree = SOURCE_ROOT; };
		DAE2921E1D71E39E005799CB /* Music.swift */ = {isa = PBXFileReference; fileEncoding = 4; lastKnownFileType = sourcecode.swift; name = Music.swift; path = CoreData/Music.swift; sourceTree = SOURCE_ROOT; };
		DAE2921F1D71E39E005799CB /* Music+CoreDataProperties.swift */ = {isa = PBXFileReference; fileEncoding = 4; lastKnownFileType = sourcecode.swift; name = "Music+CoreDataProperties.swift"; path = "CoreData/Music+CoreDataProperties.swift"; sourceTree = SOURCE_ROOT; };
		DAE292201D71E39E005799CB /* Option.swift */ = {isa = PBXFileReference; fileEncoding = 4; lastKnownFileType = sourcecode.swift; name = Option.swift; path = CoreData/Option.swift; sourceTree = SOURCE_ROOT; };
		DAE292211D71E39E005799CB /* Option+CoreDataProperties.swift */ = {isa = PBXFileReference; fileEncoding = 4; lastKnownFileType = sourcecode.swift; name = "Option+CoreDataProperties.swift"; path = "CoreData/Option+CoreDataProperties.swift"; sourceTree = SOURCE_ROOT; };
		DAE292221D71E39E005799CB /* Place.swift */ = {isa = PBXFileReference; fileEncoding = 4; lastKnownFileType = sourcecode.swift; name = Place.swift; path = CoreData/Place.swift; sourceTree = SOURCE_ROOT; };
		DAE292231D71E39E005799CB /* Place+CoreDataProperties.swift */ = {isa = PBXFileReference; fileEncoding = 4; lastKnownFileType = sourcecode.swift; name = "Place+CoreDataProperties.swift"; path = "CoreData/Place+CoreDataProperties.swift"; sourceTree = SOURCE_ROOT; };
		DAE292241D71E39E005799CB /* Tables.swift */ = {isa = PBXFileReference; fileEncoding = 4; lastKnownFileType = sourcecode.swift; name = Tables.swift; path = CoreData/Tables.swift; sourceTree = SOURCE_ROOT; };
		DAE292251D71E39E005799CB /* Tables+CoreDataProperties.swift */ = {isa = PBXFileReference; fileEncoding = 4; lastKnownFileType = sourcecode.swift; name = "Tables+CoreDataProperties.swift"; path = "CoreData/Tables+CoreDataProperties.swift"; sourceTree = SOURCE_ROOT; };
		DAE292261D71E39E005799CB /* Text.swift */ = {isa = PBXFileReference; fileEncoding = 4; lastKnownFileType = sourcecode.swift; name = Text.swift; path = CoreData/Text.swift; sourceTree = SOURCE_ROOT; };
		DAE292271D71E39E005799CB /* Text+CoreDataProperties.swift */ = {isa = PBXFileReference; fileEncoding = 4; lastKnownFileType = sourcecode.swift; name = "Text+CoreDataProperties.swift"; path = "CoreData/Text+CoreDataProperties.swift"; sourceTree = SOURCE_ROOT; };
		DAE2923E1D71E3A9005799CB /* Chair.swift */ = {isa = PBXFileReference; fileEncoding = 4; lastKnownFileType = sourcecode.swift; name = Chair.swift; path = CoreData/Chair.swift; sourceTree = SOURCE_ROOT; };
		DAE2923F1D71E3A9005799CB /* Chair+CoreDataProperties.swift */ = {isa = PBXFileReference; fileEncoding = 4; lastKnownFileType = sourcecode.swift; name = "Chair+CoreDataProperties.swift"; path = "CoreData/Chair+CoreDataProperties.swift"; sourceTree = SOURCE_ROOT; };
		DAE292401D71E3A9005799CB /* Contact.swift */ = {isa = PBXFileReference; fileEncoding = 4; lastKnownFileType = sourcecode.swift; name = Contact.swift; path = CoreData/Contact.swift; sourceTree = SOURCE_ROOT; };
		DAE292411D71E3A9005799CB /* Contact+CoreDataProperties.swift */ = {isa = PBXFileReference; fileEncoding = 4; lastKnownFileType = sourcecode.swift; name = "Contact+CoreDataProperties.swift"; path = "CoreData/Contact+CoreDataProperties.swift"; sourceTree = SOURCE_ROOT; };
		DAE292461D71E578005799CB /* EventManager.swift */ = {isa = PBXFileReference; fileEncoding = 4; lastKnownFileType = sourcecode.swift; name = EventManager.swift; path = CoreData/EventManager.swift; sourceTree = SOURCE_ROOT; };
		DAE292481D71E5B0005799CB /* DataController.swift */ = {isa = PBXFileReference; fileEncoding = 4; lastKnownFileType = sourcecode.swift; name = DataController.swift; path = CoreData/DataController.swift; sourceTree = SOURCE_ROOT; };
		DAE2924B1D71EB7E005799CB /* NotificationController.swift */ = {isa = PBXFileReference; fileEncoding = 4; lastKnownFileType = sourcecode.swift; name = NotificationController.swift; path = Misc/NotificationController.swift; sourceTree = "<group>"; };
		DAE2D1DB1EDE142800550EA2 /* FacebookSDKStrings.bundle */ = {isa = PBXFileReference; lastKnownFileType = "wrapper.plug-in"; path = FacebookSDKStrings.bundle; sourceTree = "<group>"; };
		DAE732CD1D833DC700B58160 /* Preferences.swift */ = {isa = PBXFileReference; fileEncoding = 4; lastKnownFileType = sourcecode.swift; name = Preferences.swift; path = Misc/Preferences.swift; sourceTree = "<group>"; };
		DAEDBE651E8EC25C0097D3AD /* CloudEventViewController.swift */ = {isa = PBXFileReference; fileEncoding = 4; lastKnownFileType = sourcecode.swift; path = CloudEventViewController.swift; sourceTree = "<group>"; };
		F512C3A6F3CFA8F8DC1851A3 /* Pods-Easy Planner.debug.xcconfig */ = {isa = PBXFileReference; includeInIndex = 1; lastKnownFileType = text.xcconfig; name = "Pods-Easy Planner.debug.xcconfig"; path = "Pods/Target Support Files/Pods-Easy Planner/Pods-Easy Planner.debug.xcconfig"; sourceTree = "<group>"; };
/* End PBXFileReference section */

/* Begin PBXFrameworksBuildPhase section */
		DAE291C31D6E432A005799CB /* Frameworks */ = {
			isa = PBXFrameworksBuildPhase;
			buildActionMask = 2147483647;
			files = (
				DA11C2771D7B59E700ADB348 /* MapKit.framework in Frameworks */,
				ECDBD19FA41246102376E56B /* Pods_Easy_Planner.framework in Frameworks */,
			);
			runOnlyForDeploymentPostprocessing = 0;
		};
		DAE291E51D6E432B005799CB /* Frameworks */ = {
			isa = PBXFrameworksBuildPhase;
			buildActionMask = 2147483647;
			files = (
			);
			runOnlyForDeploymentPostprocessing = 0;
		};
/* End PBXFrameworksBuildPhase section */

/* Begin PBXGroup section */
		C79AE75A9B157152939A1E53 /* Pods */ = {
			isa = PBXGroup;
			children = (
				F512C3A6F3CFA8F8DC1851A3 /* Pods-Easy Planner.debug.xcconfig */,
				4496E25103AD86445CF7A855 /* Pods-Easy Planner.release.xcconfig */,
			);
			name = Pods;
			sourceTree = "<group>";
		};
		DA11C2671D73987D00ADB348 /* Views */ = {
			isa = PBXGroup;
			children = (
				DADC854E1F09977500967EDE /* FieldView.swift */,
				DADC854B1F09974600967EDE /* SwitchFieldView.swift */,
				DADC854C1F09975500967EDE /* ActivityIndicator.swift */,
			);
			path = Views;
			sourceTree = "<group>";
		};
		DA11C26E1D75180A00ADB348 /* Protocol */ = {
			isa = PBXGroup;
			children = (
				DA11C26F1D75183B00ADB348 /* CalendarDelegate.swift */,
			);
			name = Protocol;
			sourceTree = "<group>";
		};
		DA11C2751D7B59E700ADB348 /* Frameworks */ = {
			isa = PBXGroup;
			children = (
				DA11C2761D7B59E700ADB348 /* MapKit.framework */,
				53EA6DF5B1C66C47F4A48B91 /* Pods_Easy_Planner.framework */,
			);
			name = Frameworks;
			sourceTree = "<group>";
		};
		DA26950D1EDF9B5800EB73B7 /* OnBoard */ = {
			isa = PBXGroup;
			children = (
				DA26950A1EDF9B4000EB73B7 /* OnBoard.storyboard */,
				DACB22821EE05CC8007D6C4A /* OnboardPageController.swift */,
				DACB228E1EE0DC8C007D6C4A /* LocatioOnboardViewController.swift */,
				DACB22901EE0E5E3007D6C4A /* PushOnboardViewController.swift */,
				DAD8C6A01EE353CF00D13C98 /* RegistrationOnboardViewController.swift */,
			);
			name = OnBoard;
			sourceTree = "<group>";
		};
		DA5D57E41E8ADF4700F50CE1 /* View Model */ = {
			isa = PBXGroup;
			children = (
			);
			name = "View Model";
			sourceTree = "<group>";
		};
		DA73E40B1ECE3E3C0046B56A /* Calendar */ = {
			isa = PBXGroup;
			children = (
				DADC85511F09980100967EDE /* CalendarCollectionViewControll.swift */,
				DADC854F1F09980100967EDE /* CalendarHeader.swift */,
				DADC85531F09980200967EDE /* CalendarModel.swift */,
				DADC85521F09980200967EDE /* CalendarUtilities.swift */,
				DADC85501F09980100967EDE /* MonthView.swift */,
				DADC85541F09983F00967EDE /* CalendarCell.swift */,
			);
			path = Calendar;
			sourceTree = "<group>";
		};
		DA7C511B1F02E74D00D5924C /* Menu View */ = {
			isa = PBXGroup;
			children = (
				DA11C27A1D7B6F1700ADB348 /* MenuViewController.swift */,
				DAC4CF631D7F671D00577376 /* NewMenuViewController.swift */,
				DA7C511C1F02E7DC00D5924C /* DetailMenuViewController.swift */,
			);
			path = "Menu View";
			sourceTree = "<group>";
		};
		DAA156261F059CDA00D39D12 /* Cloud View */ = {
			isa = PBXGroup;
			children = (
				DAEDBE651E8EC25C0097D3AD /* CloudEventViewController.swift */,
				DA5D57E51E8ADF8100F50CE1 /* CloudEvent.swift */,
			);
			path = "Cloud View";
			sourceTree = "<group>";
		};
		DAB2CA3F1E79F7C8004AB652 /* AeroGear */ = {
			isa = PBXGroup;
			children = (
				DAB2CA401E79F7DA004AB652 /* ClientDeviceInformation.swift */,
				DAB2CA411E79F7DA004AB652 /* ClientDeviceInformationImpl.swift */,
				DAB2CA421E79F7DA004AB652 /* DeviceRegistration.swift */,
				DAB2CA431E79F7DA004AB652 /* Info.plist */,
				DAB2CA441E79F7DA004AB652 /* push-sdk-swift.h */,
				DAB2CA451E79F7DA004AB652 /* PushAnalytics.swift */,
			);
			name = AeroGear;
			sourceTree = "<group>";
		};
		DAD362171D9DBD1200B692F9 /* Network */ = {
			isa = PBXGroup;
			children = (
				DAD3621A1D9DBD5E00B692F9 /* Parser.swift */,
				DAD3621B1D9DBD5E00B692F9 /* Request.swift */,
				DAD362221D9E9E0200B692F9 /* SocialClient.swift */,
				DA3941621E70A23800E14D01 /* TrackingClient.swift */,
				DAB2CA3B1E79F5B2004AB652 /* Easy Planner-Bridging-Header.h */,
				DA75FEA11EA564B200B2FD2D /* EventModel.swift */,
				DA71725D1E93E639007F414A /* LoginModel.swift */,
			);
			name = Network;
			sourceTree = "<group>";
		};
		DAE291BD1D6E432A005799CB = {
			isa = PBXGroup;
			children = (
				DAE291C81D6E432B005799CB /* Easy Planner */,
				DAE291E01D6E432B005799CB /* Easy PlannerTests */,
				DAE291EB1D6E432B005799CB /* Easy PlannerUITests */,
				DAE291C71D6E432B005799CB /* Products */,
				DA11C2751D7B59E700ADB348 /* Frameworks */,
				C79AE75A9B157152939A1E53 /* Pods */,
			);
			sourceTree = "<group>";
		};
		DAE291C71D6E432B005799CB /* Products */ = {
			isa = PBXGroup;
			children = (
				DAE291C61D6E432B005799CB /* Easy Planner.app */,
				DAE291E81D6E432B005799CB /* Easy PlannerUITests.xctest */,
			);
			name = Products;
			sourceTree = "<group>";
		};
		DAE291C81D6E432B005799CB /* Easy Planner */ = {
			isa = PBXGroup;
			children = (
				DAA156261F059CDA00D39D12 /* Cloud View */,
				DAF9F6721F0542C900588825 /* Contact View */,
				DA7C511B1F02E74D00D5924C /* Menu View */,
				DA26950D1EDF9B5800EB73B7 /* OnBoard */,
				DAE2D1DB1EDE142800550EA2 /* FacebookSDKStrings.bundle */,
				DA73E40B1ECE3E3C0046B56A /* Calendar */,
				DAB2CA3F1E79F7C8004AB652 /* AeroGear */,
				DAD362161D9DA9BE00B692F9 /* Easy Planner.entitlements */,
				DAD362171D9DBD1200B692F9 /* Network */,
				DA11C26E1D75180A00ADB348 /* Protocol */,
				DAE2924A1D71EB4F005799CB /* Misc */,
				DAE2920C1D70E14F005799CB /* Cells */,
				DA11C2671D73987D00ADB348 /* Views */,
				DA5D57E41E8ADF4700F50CE1 /* View Model */,
				DAE292091D70DD80005799CB /* Main View */,
				DAE292081D70DD4A005799CB /* Storyboard & xib */,
				DAE291FA1D70D6D2005799CB /* CoreData */,
				DAE291C91D6E432B005799CB /* AppDelegate.swift */,
				DAE291D31D6E432B005799CB /* Assets.xcassets */,
				DACB228C1EE0646F007D6C4A /* GoogleService-Info.plist */,
				DAE291D81D6E432B005799CB /* Info.plist */,
			);
			path = "Easy Planner";
			sourceTree = "<group>";
		};
		DAE291E01D6E432B005799CB /* Easy PlannerTests */ = {
			isa = PBXGroup;
			children = (
				DAE291E11D6E432B005799CB /* Easy_PlannerTests.swift */,
				DAE291E31D6E432B005799CB /* Info.plist */,
			);
			path = "Easy PlannerTests";
			sourceTree = "<group>";
		};
		DAE291EB1D6E432B005799CB /* Easy PlannerUITests */ = {
			isa = PBXGroup;
			children = (
				DAE291EC1D6E432B005799CB /* Easy_PlannerUITests.swift */,
				DAE291EE1D6E432B005799CB /* Info.plist */,
			);
			path = "Easy PlannerUITests";
			sourceTree = "<group>";
		};
		DAE291FA1D70D6D2005799CB /* CoreData */ = {
			isa = PBXGroup;
			children = (
				DAE2923E1D71E3A9005799CB /* Chair.swift */,
				DAE2923F1D71E3A9005799CB /* Chair+CoreDataProperties.swift */,
				DAE292401D71E3A9005799CB /* Contact.swift */,
				DAE292411D71E3A9005799CB /* Contact+CoreDataProperties.swift */,
				DAE292121D71E39E005799CB /* Event.swift */,
				DAE292131D71E39E005799CB /* Event+CoreDataProperties.swift */,
				DAE292461D71E578005799CB /* EventManager.swift */,
				DAE292141D71E39E005799CB /* EventMisc.swift */,
				DAE292151D71E39E005799CB /* EventMisc+CoreDataProperties.swift */,
				DAE292161D71E39E005799CB /* Image.swift */,
				DAE292171D71E39E005799CB /* Image+CoreDataProperties.swift */,
				DAE292181D71E39E005799CB /* Invitation.swift */,
				DAE292191D71E39E005799CB /* Invitation+CoreDataProperties.swift */,
				DAE2921A1D71E39E005799CB /* Menu.swift */,
				DAE2921B1D71E39E005799CB /* Menu+CoreDataProperties.swift */,
				DAE2921C1D71E39E005799CB /* Misc.swift */,
				DAE2921D1D71E39E005799CB /* Misc+CoreDataProperties.swift */,
				DAE2921E1D71E39E005799CB /* Music.swift */,
				DAE2921F1D71E39E005799CB /* Music+CoreDataProperties.swift */,
				DAE292201D71E39E005799CB /* Option.swift */,
				DAE292211D71E39E005799CB /* Option+CoreDataProperties.swift */,
				DAE292221D71E39E005799CB /* Place.swift */,
				DAE292231D71E39E005799CB /* Place+CoreDataProperties.swift */,
				DAE292241D71E39E005799CB /* Tables.swift */,
				DAE292251D71E39E005799CB /* Tables+CoreDataProperties.swift */,
				DAE292261D71E39E005799CB /* Text.swift */,
				DAE292271D71E39E005799CB /* Text+CoreDataProperties.swift */,
				DAE291FB1D70D6EF005799CB /* EasyPlanner.xcdatamodeld */,
				DAE292481D71E5B0005799CB /* DataController.swift */,
			);
			name = CoreData;
			sourceTree = "<group>";
		};
		DAE292081D70DD4A005799CB /* Storyboard & xib */ = {
			isa = PBXGroup;
			children = (
				DAE291D51D6E432B005799CB /* LaunchScreen.storyboard */,
			);
			name = "Storyboard & xib";
			sourceTree = "<group>";
		};
		DAE292091D70DD80005799CB /* Main View */ = {
			isa = PBXGroup;
			children = (
				DAE2920A1D70DF8B005799CB /* HomeViewController.swift */,
				DA11C2731D77B5A400ADB348 /* MainEventViewController.swift */,
			);
			name = "Main View";
			sourceTree = "<group>";
		};
		DAE2920C1D70E14F005799CB /* Cells */ = {
			isa = PBXGroup;
			children = (
				DADC85551F09987900967EDE /* HomeTableViewCell.swift */,
				DAA156281F05C25C00D39D12 /* HomeTableViewCell.xib */,
			);
			path = Cells;
			sourceTree = "<group>";
		};
		DAE2924A1D71EB4F005799CB /* Misc */ = {
			isa = PBXGroup;
			children = (
				DA11C2711D761EA500ADB348 /* Theme.swift */,
				DAE2924B1D71EB7E005799CB /* NotificationController.swift */,
				DAE732CD1D833DC700B58160 /* Preferences.swift */,
				DA3941641E70B0D700E14D01 /* TrackValue.swift */,
			);
			name = Misc;
			sourceTree = "<group>";
		};
		DAF9F6721F0542C900588825 /* Contact View */ = {
			isa = PBXGroup;
			children = (
				DA11C2781D7B65CF00ADB348 /* ContactsViewController.swift */,
				DA11C27F1D7DE84B00ADB348 /* NewContactViewController.swift */,
			);
			path = "Contact View";
			sourceTree = "<group>";
		};
/* End PBXGroup section */

/* Begin PBXNativeTarget section */
		DAE291C51D6E432A005799CB /* Easy Planner */ = {
			isa = PBXNativeTarget;
			buildConfigurationList = DAE291F11D6E432B005799CB /* Build configuration list for PBXNativeTarget "Easy Planner" */;
			buildPhases = (
				2E43DFE0A757807C7244B375 /* [CP] Check Pods Manifest.lock */,
				DAE291C21D6E432A005799CB /* Sources */,
				DAE291C31D6E432A005799CB /* Frameworks */,
				DAE291C41D6E432A005799CB /* Resources */,
				C40A00A544451BE3CE104F1F /* [CP] Embed Pods Frameworks */,
				72C13A94154E81E99A5D7E44 /* [CP] Copy Pods Resources */,
			);
			buildRules = (
			);
			dependencies = (
			);
			name = "Easy Planner";
			productName = "Easy Planner";
			productReference = DAE291C61D6E432B005799CB /* Easy Planner.app */;
			productType = "com.apple.product-type.application";
		};
		DAE291E71D6E432B005799CB /* Easy PlannerUITests */ = {
			isa = PBXNativeTarget;
			buildConfigurationList = DAE291F71D6E432B005799CB /* Build configuration list for PBXNativeTarget "Easy PlannerUITests" */;
			buildPhases = (
				DAE291E41D6E432B005799CB /* Sources */,
				DAE291E51D6E432B005799CB /* Frameworks */,
				DAE291E61D6E432B005799CB /* Resources */,
			);
			buildRules = (
			);
			dependencies = (
				DAE291EA1D6E432B005799CB /* PBXTargetDependency */,
			);
			name = "Easy PlannerUITests";
			productName = "Easy PlannerUITests";
			productReference = DAE291E81D6E432B005799CB /* Easy PlannerUITests.xctest */;
			productType = "com.apple.product-type.bundle.ui-testing";
		};
/* End PBXNativeTarget section */

/* Begin PBXProject section */
		DAE291BE1D6E432A005799CB /* Project object */ = {
			isa = PBXProject;
			attributes = {
				LastSwiftUpdateCheck = 0800;
				LastUpgradeCheck = 0900;
				ORGANIZATIONNAME = "Marcos Tirao";
				TargetAttributes = {
					DAE291C51D6E432A005799CB = {
						CreatedOnToolsVersion = 8.0;
						DevelopmentTeam = E5YV4NK229;
						LastSwiftMigration = 0900;
						ProvisioningStyle = Automatic;
						SystemCapabilities = {
							com.apple.Maps.iOS = {
								enabled = 1;
							};
							com.apple.Push = {
								enabled = 1;
							};
						};
					};
					DAE291E71D6E432B005799CB = {
						CreatedOnToolsVersion = 8.0;
						DevelopmentTeam = E5YV4NK229;
						LastSwiftMigration = 0900;
						ProvisioningStyle = Automatic;
						TestTargetID = DAE291C51D6E432A005799CB;
					};
				};
			};
			buildConfigurationList = DAE291C11D6E432A005799CB /* Build configuration list for PBXProject "Easy Planner" */;
			compatibilityVersion = "Xcode 3.2";
			developmentRegion = English;
			hasScannedForEncodings = 0;
			knownRegions = (
				en,
				Base,
			);
			mainGroup = DAE291BD1D6E432A005799CB;
			productRefGroup = DAE291C71D6E432B005799CB /* Products */;
			projectDirPath = "";
			projectRoot = "";
			targets = (
				DAE291C51D6E432A005799CB /* Easy Planner */,
				DAE291E71D6E432B005799CB /* Easy PlannerUITests */,
			);
		};
/* End PBXProject section */

/* Begin PBXResourcesBuildPhase section */
		DAE291C41D6E432A005799CB /* Resources */ = {
			isa = PBXResourcesBuildPhase;
			buildActionMask = 2147483647;
			files = (
				DAB2CA491E79F7DA004AB652 /* Info.plist in Resources */,
				DAE2D1DC1EDE142800550EA2 /* FacebookSDKStrings.bundle in Resources */,
				DA26950C1EDF9B4000EB73B7 /* OnBoard.storyboard in Resources */,
				DAE291D71D6E432B005799CB /* LaunchScreen.storyboard in Resources */,
				DAE291D41D6E432B005799CB /* Assets.xcassets in Resources */,
				DACB228D1EE0646F007D6C4A /* GoogleService-Info.plist in Resources */,
				DAA1562A1F05C25C00D39D12 /* HomeTableViewCell.xib in Resources */,
			);
			runOnlyForDeploymentPostprocessing = 0;
		};
		DAE291E61D6E432B005799CB /* Resources */ = {
			isa = PBXResourcesBuildPhase;
			buildActionMask = 2147483647;
			files = (
			);
			runOnlyForDeploymentPostprocessing = 0;
		};
/* End PBXResourcesBuildPhase section */

/* Begin PBXShellScriptBuildPhase section */
		2E43DFE0A757807C7244B375 /* [CP] Check Pods Manifest.lock */ = {
			isa = PBXShellScriptBuildPhase;
			buildActionMask = 2147483647;
			files = (
			);
			inputPaths = (
			);
			name = "[CP] Check Pods Manifest.lock";
			outputPaths = (
			);
			runOnlyForDeploymentPostprocessing = 0;
			shellPath = /bin/sh;
			shellScript = "diff \"${PODS_PODFILE_DIR_PATH}/Podfile.lock\" \"${PODS_ROOT}/Manifest.lock\" > /dev/null\nif [ $? != 0 ] ; then\n    # print error to STDERR\n    echo \"error: The sandbox is not in sync with the Podfile.lock. Run 'pod install' or update your CocoaPods installation.\" >&2\n    exit 1\nfi\n";
			showEnvVarsInLog = 0;
		};
		72C13A94154E81E99A5D7E44 /* [CP] Copy Pods Resources */ = {
			isa = PBXShellScriptBuildPhase;
			buildActionMask = 2147483647;
			files = (
			);
			inputPaths = (
			);
			name = "[CP] Copy Pods Resources";
			outputPaths = (
			);
			runOnlyForDeploymentPostprocessing = 0;
			shellPath = /bin/sh;
			shellScript = "\"${SRCROOT}/Pods/Target Support Files/Pods-Easy Planner/Pods-Easy Planner-resources.sh\"\n";
			showEnvVarsInLog = 0;
		};
		C40A00A544451BE3CE104F1F /* [CP] Embed Pods Frameworks */ = {
			isa = PBXShellScriptBuildPhase;
			buildActionMask = 2147483647;
			files = (
			);
			inputPaths = (
			);
			name = "[CP] Embed Pods Frameworks";
			outputPaths = (
			);
			runOnlyForDeploymentPostprocessing = 0;
			shellPath = /bin/sh;
			shellScript = "\"${SRCROOT}/Pods/Target Support Files/Pods-Easy Planner/Pods-Easy Planner-frameworks.sh\"\n";
			showEnvVarsInLog = 0;
		};
/* End PBXShellScriptBuildPhase section */

/* Begin PBXSourcesBuildPhase section */
		DAE291C21D6E432A005799CB /* Sources */ = {
			isa = PBXSourcesBuildPhase;
			buildActionMask = 2147483647;
			files = (
				DAC4CF641D7F671D00577376 /* NewMenuViewController.swift in Sources */,
				DAE292421D71E3A9005799CB /* Chair.swift in Sources */,
				DAE292311D71E39E005799CB /* Menu+CoreDataProperties.swift in Sources */,
				DAE292351D71E39E005799CB /* Music+CoreDataProperties.swift in Sources */,
				DAE2922A1D71E39E005799CB /* EventMisc.swift in Sources */,
				DAB2CA4A1E79F7DA004AB652 /* PushAnalytics.swift in Sources */,
				DADC85561F0998E100967EDE /* ActivityIndicator.swift in Sources */,
				DAB2CA481E79F7DA004AB652 /* DeviceRegistration.swift in Sources */,
				DA3941631E70A23800E14D01 /* TrackingClient.swift in Sources */,
				DADC855A1F0998F400967EDE /* CalendarCollectionViewControll.swift in Sources */,
				DAE2922D1D71E39E005799CB /* Image+CoreDataProperties.swift in Sources */,
				DAE292321D71E39E005799CB /* Misc.swift in Sources */,
				DAE292391D71E39E005799CB /* Place+CoreDataProperties.swift in Sources */,
				DAE2923D1D71E39E005799CB /* Text+CoreDataProperties.swift in Sources */,
				DADC85571F0998E400967EDE /* SwitchFieldView.swift in Sources */,
				DA3941651E70B0D700E14D01 /* TrackValue.swift in Sources */,
				DA5D57E61E8ADF8100F50CE1 /* CloudEvent.swift in Sources */,
				DADC855C1F0998F400967EDE /* CalendarModel.swift in Sources */,
				DAE2924C1D71EB7E005799CB /* NotificationController.swift in Sources */,
				DAE292441D71E3A9005799CB /* Contact.swift in Sources */,
				DAE2923C1D71E39E005799CB /* Text.swift in Sources */,
				DAB2CA461E79F7DA004AB652 /* ClientDeviceInformation.swift in Sources */,
				DAE2922F1D71E39E005799CB /* Invitation+CoreDataProperties.swift in Sources */,
				DAB2CA471E79F7DA004AB652 /* ClientDeviceInformationImpl.swift in Sources */,
				DAE292371D71E39E005799CB /* Option+CoreDataProperties.swift in Sources */,
				DACB22831EE05CC8007D6C4A /* OnboardPageController.swift in Sources */,
				DA11C27B1D7B6F1700ADB348 /* MenuViewController.swift in Sources */,
				DA11C2721D761EA500ADB348 /* Theme.swift in Sources */,
				DADC855F1F0998F400967EDE /* CalendarCell.swift in Sources */,
				DAE292431D71E3A9005799CB /* Chair+CoreDataProperties.swift in Sources */,
				DAE292491D71E5B0005799CB /* DataController.swift in Sources */,
				DAE732CE1D833DC700B58160 /* Preferences.swift in Sources */,
				DA75FEA21EA564B200B2FD2D /* EventModel.swift in Sources */,
				DAE292361D71E39E005799CB /* Option.swift in Sources */,
				DAE2922C1D71E39E005799CB /* Image.swift in Sources */,
				DAD8C6A11EE353CF00D13C98 /* RegistrationOnboardViewController.swift in Sources */,
				DADC85581F0998E700967EDE /* FieldView.swift in Sources */,
				DAE292291D71E39E005799CB /* Event+CoreDataProperties.swift in Sources */,
				DACB22911EE0E5E3007D6C4A /* PushOnboardViewController.swift in Sources */,
				DAE292071D70D6EF005799CB /* EasyPlanner.xcdatamodeld in Sources */,
				DAD362231D9E9E0200B692F9 /* SocialClient.swift in Sources */,
				DAD3621F1D9DBD5E00B692F9 /* Parser.swift in Sources */,
				DACB228F1EE0DC8C007D6C4A /* LocatioOnboardViewController.swift in Sources */,
				DADC855E1F0998F400967EDE /* MonthView.swift in Sources */,
				DA0E94521F052CC00019FE19 /* DetailMenuViewController.swift in Sources */,
				DADC855D1F0998F400967EDE /* CalendarUtilities.swift in Sources */,
				DAE291CA1D6E432B005799CB /* AppDelegate.swift in Sources */,
				DADC855B1F0998F400967EDE /* CalendarHeader.swift in Sources */,
				DAE292451D71E3A9005799CB /* Contact+CoreDataProperties.swift in Sources */,
				DAE292381D71E39E005799CB /* Place.swift in Sources */,
				DAE292341D71E39E005799CB /* Music.swift in Sources */,
				DA71725E1E93E639007F414A /* LoginModel.swift in Sources */,
				DAE2923B1D71E39E005799CB /* Tables+CoreDataProperties.swift in Sources */,
				DAE2920B1D70DF8B005799CB /* HomeViewController.swift in Sources */,
				DAE292471D71E578005799CB /* EventManager.swift in Sources */,
				DAD362201D9DBD5E00B692F9 /* Request.swift in Sources */,
				DA11C2791D7B65CF00ADB348 /* ContactsViewController.swift in Sources */,
				DA11C2701D75183B00ADB348 /* CalendarDelegate.swift in Sources */,
				DAE292301D71E39E005799CB /* Menu.swift in Sources */,
				DA11C2741D77B5A400ADB348 /* MainEventViewController.swift in Sources */,
				DAE2922E1D71E39E005799CB /* Invitation.swift in Sources */,
				DAE2922B1D71E39E005799CB /* EventMisc+CoreDataProperties.swift in Sources */,
				DAEDBE661E8EC25C0097D3AD /* CloudEventViewController.swift in Sources */,
				DAE292281D71E39E005799CB /* Event.swift in Sources */,
				DAE2923A1D71E39E005799CB /* Tables.swift in Sources */,
				DA11C2801D7DE84B00ADB348 /* NewContactViewController.swift in Sources */,
				DADC85591F0998E900967EDE /* HomeTableViewCell.swift in Sources */,
				DAE292331D71E39E005799CB /* Misc+CoreDataProperties.swift in Sources */,
			);
			runOnlyForDeploymentPostprocessing = 0;
		};
		DAE291E41D6E432B005799CB /* Sources */ = {
			isa = PBXSourcesBuildPhase;
			buildActionMask = 2147483647;
			files = (
				DAE291ED1D6E432B005799CB /* Easy_PlannerUITests.swift in Sources */,
			);
			runOnlyForDeploymentPostprocessing = 0;
		};
/* End PBXSourcesBuildPhase section */

/* Begin PBXTargetDependency section */
		DAE291EA1D6E432B005799CB /* PBXTargetDependency */ = {
			isa = PBXTargetDependency;
			target = DAE291C51D6E432A005799CB /* Easy Planner */;
			targetProxy = DAE291E91D6E432B005799CB /* PBXContainerItemProxy */;
		};
/* End PBXTargetDependency section */

/* Begin PBXVariantGroup section */
		DA26950A1EDF9B4000EB73B7 /* OnBoard.storyboard */ = {
			isa = PBXVariantGroup;
			children = (
				DA26950B1EDF9B4000EB73B7 /* Base */,
			);
			name = OnBoard.storyboard;
			sourceTree = "<group>";
		};
		DAE291D51D6E432B005799CB /* LaunchScreen.storyboard */ = {
			isa = PBXVariantGroup;
			children = (
				DAE291D61D6E432B005799CB /* Base */,
			);
			name = LaunchScreen.storyboard;
			sourceTree = "<group>";
		};
/* End PBXVariantGroup section */

/* Begin XCBuildConfiguration section */
		DAE291EF1D6E432B005799CB /* Debug */ = {
			isa = XCBuildConfiguration;
			buildSettings = {
				ALWAYS_SEARCH_USER_PATHS = NO;
				CLANG_ANALYZER_NONNULL = YES;
				CLANG_CXX_LANGUAGE_STANDARD = "gnu++0x";
				CLANG_CXX_LIBRARY = "libc++";
				CLANG_ENABLE_MODULES = YES;
				CLANG_ENABLE_OBJC_ARC = YES;
				CLANG_WARN_BLOCK_CAPTURE_AUTORELEASING = YES;
				CLANG_WARN_BOOL_CONVERSION = YES;
				CLANG_WARN_COMMA = YES;
				CLANG_WARN_CONSTANT_CONVERSION = YES;
				CLANG_WARN_DIRECT_OBJC_ISA_USAGE = YES_ERROR;
				CLANG_WARN_DOCUMENTATION_COMMENTS = YES;
				CLANG_WARN_EMPTY_BODY = YES;
				CLANG_WARN_ENUM_CONVERSION = YES;
				CLANG_WARN_INFINITE_RECURSION = YES;
				CLANG_WARN_INT_CONVERSION = YES;
				CLANG_WARN_NON_LITERAL_NULL_CONVERSION = YES;
				CLANG_WARN_OBJC_LITERAL_CONVERSION = YES;
				CLANG_WARN_OBJC_ROOT_CLASS = YES_ERROR;
				CLANG_WARN_RANGE_LOOP_ANALYSIS = YES;
				CLANG_WARN_STRICT_PROTOTYPES = YES;
				CLANG_WARN_SUSPICIOUS_MOVE = YES;
				CLANG_WARN_SUSPICIOUS_MOVES = YES;
				CLANG_WARN_UNREACHABLE_CODE = YES;
				CLANG_WARN__DUPLICATE_METHOD_MATCH = YES;
				"CODE_SIGN_IDENTITY[sdk=iphoneos*]" = "iPhone Developer";
				COPY_PHASE_STRIP = NO;
				DEBUG_INFORMATION_FORMAT = dwarf;
				ENABLE_STRICT_OBJC_MSGSEND = YES;
				ENABLE_TESTABILITY = YES;
				GCC_C_LANGUAGE_STANDARD = gnu99;
				GCC_DYNAMIC_NO_PIC = NO;
				GCC_NO_COMMON_BLOCKS = YES;
				GCC_OPTIMIZATION_LEVEL = 0;
				GCC_PREPROCESSOR_DEFINITIONS = (
					"DEBUG=1",
					"$(inherited)",
				);
				GCC_WARN_64_TO_32_BIT_CONVERSION = YES;
				GCC_WARN_ABOUT_RETURN_TYPE = YES_ERROR;
				GCC_WARN_UNDECLARED_SELECTOR = YES;
				GCC_WARN_UNINITIALIZED_AUTOS = YES_AGGRESSIVE;
				GCC_WARN_UNUSED_FUNCTION = YES;
				GCC_WARN_UNUSED_VARIABLE = YES;
				IPHONEOS_DEPLOYMENT_TARGET = 9.3;
				MTL_ENABLE_DEBUG_INFO = YES;
				ONLY_ACTIVE_ARCH = YES;
				SDKROOT = iphoneos;
				SWIFT_ACTIVE_COMPILATION_CONDITIONS = DEBUG;
				SWIFT_OPTIMIZATION_LEVEL = "-Onone";
			};
			name = Debug;
		};
		DAE291F01D6E432B005799CB /* Release */ = {
			isa = XCBuildConfiguration;
			buildSettings = {
				ALWAYS_SEARCH_USER_PATHS = NO;
				CLANG_ANALYZER_NONNULL = YES;
				CLANG_CXX_LANGUAGE_STANDARD = "gnu++0x";
				CLANG_CXX_LIBRARY = "libc++";
				CLANG_ENABLE_MODULES = YES;
				CLANG_ENABLE_OBJC_ARC = YES;
				CLANG_WARN_BLOCK_CAPTURE_AUTORELEASING = YES;
				CLANG_WARN_BOOL_CONVERSION = YES;
				CLANG_WARN_COMMA = YES;
				CLANG_WARN_CONSTANT_CONVERSION = YES;
				CLANG_WARN_DIRECT_OBJC_ISA_USAGE = YES_ERROR;
				CLANG_WARN_DOCUMENTATION_COMMENTS = YES;
				CLANG_WARN_EMPTY_BODY = YES;
				CLANG_WARN_ENUM_CONVERSION = YES;
				CLANG_WARN_INFINITE_RECURSION = YES;
				CLANG_WARN_INT_CONVERSION = YES;
				CLANG_WARN_NON_LITERAL_NULL_CONVERSION = YES;
				CLANG_WARN_OBJC_LITERAL_CONVERSION = YES;
				CLANG_WARN_OBJC_ROOT_CLASS = YES_ERROR;
				CLANG_WARN_RANGE_LOOP_ANALYSIS = YES;
				CLANG_WARN_STRICT_PROTOTYPES = YES;
				CLANG_WARN_SUSPICIOUS_MOVE = YES;
				CLANG_WARN_SUSPICIOUS_MOVES = YES;
				CLANG_WARN_UNREACHABLE_CODE = YES;
				CLANG_WARN__DUPLICATE_METHOD_MATCH = YES;
				"CODE_SIGN_IDENTITY[sdk=iphoneos*]" = "iPhone Developer";
				COPY_PHASE_STRIP = NO;
				DEBUG_INFORMATION_FORMAT = "dwarf-with-dsym";
				ENABLE_NS_ASSERTIONS = NO;
				ENABLE_STRICT_OBJC_MSGSEND = YES;
				GCC_C_LANGUAGE_STANDARD = gnu99;
				GCC_NO_COMMON_BLOCKS = YES;
				GCC_WARN_64_TO_32_BIT_CONVERSION = YES;
				GCC_WARN_ABOUT_RETURN_TYPE = YES_ERROR;
				GCC_WARN_UNDECLARED_SELECTOR = YES;
				GCC_WARN_UNINITIALIZED_AUTOS = YES_AGGRESSIVE;
				GCC_WARN_UNUSED_FUNCTION = YES;
				GCC_WARN_UNUSED_VARIABLE = YES;
				IPHONEOS_DEPLOYMENT_TARGET = 9.3;
				MTL_ENABLE_DEBUG_INFO = NO;
				SDKROOT = iphoneos;
				SWIFT_OPTIMIZATION_LEVEL = "-Owholemodule";
				VALIDATE_PRODUCT = YES;
			};
			name = Release;
		};
		DAE291F21D6E432B005799CB /* Debug */ = {
			isa = XCBuildConfiguration;
			baseConfigurationReference = F512C3A6F3CFA8F8DC1851A3 /* Pods-Easy Planner.debug.xcconfig */;
			buildSettings = {
				ASSETCATALOG_COMPILER_APPICON_NAME = AppIcon;
				CLANG_ENABLE_MODULES = YES;
				CODE_SIGN_ENTITLEMENTS = "Easy Planner/Easy Planner.entitlements";
				DEVELOPMENT_TEAM = E5YV4NK229;
				FRAMEWORK_SEARCH_PATHS = (
					"$(inherited)",
					"$(PROJECT_DIR)/Easy\\ Planner",
					"$(PROJECT_DIR)",
					"$(PROJECT_DIR)/Frameworks",
				);
				INFOPLIST_FILE = "Easy Planner/Info.plist";
				IPHONEOS_DEPLOYMENT_TARGET = 9.3;
				LD_RUNPATH_SEARCH_PATHS = "$(inherited) @executable_path/Frameworks";
				PRODUCT_BUNDLE_IDENTIFIER = "ar.com.argsoftsolutions.Easy-Planner";
				PRODUCT_NAME = "$(TARGET_NAME)";
				SWIFT_OBJC_BRIDGING_HEADER = "Easy Planner/Easy Planner-Bridging-Header.h";
				SWIFT_OPTIMIZATION_LEVEL = "-Onone";
				SWIFT_SWIFT3_OBJC_INFERENCE = On;
				SWIFT_VERSION = 4.0;
			};
			name = Debug;
		};
		DAE291F31D6E432B005799CB /* Release */ = {
			isa = XCBuildConfiguration;
			baseConfigurationReference = 4496E25103AD86445CF7A855 /* Pods-Easy Planner.release.xcconfig */;
			buildSettings = {
				ASSETCATALOG_COMPILER_APPICON_NAME = AppIcon;
				CLANG_ENABLE_MODULES = YES;
				CODE_SIGN_ENTITLEMENTS = "Easy Planner/Easy Planner.entitlements";
				DEVELOPMENT_TEAM = E5YV4NK229;
				FRAMEWORK_SEARCH_PATHS = (
					"$(inherited)",
					"$(PROJECT_DIR)/Easy\\ Planner",
					"$(PROJECT_DIR)",
					"$(PROJECT_DIR)/Frameworks",
				);
				INFOPLIST_FILE = "Easy Planner/Info.plist";
				IPHONEOS_DEPLOYMENT_TARGET = 9.3;
				LD_RUNPATH_SEARCH_PATHS = "$(inherited) @executable_path/Frameworks";
				PRODUCT_BUNDLE_IDENTIFIER = "ar.com.argsoftsolutions.Easy-Planner";
				PRODUCT_NAME = "$(TARGET_NAME)";
				SWIFT_OBJC_BRIDGING_HEADER = "Easy Planner/Easy Planner-Bridging-Header.h";
				SWIFT_SWIFT3_OBJC_INFERENCE = On;
				SWIFT_VERSION = 4.0;
			};
			name = Release;
		};
		DAE291F81D6E432B005799CB /* Debug */ = {
			isa = XCBuildConfiguration;
			buildSettings = {
				DEVELOPMENT_TEAM = E5YV4NK229;
				INFOPLIST_FILE = "Easy PlannerUITests/Info.plist";
				LD_RUNPATH_SEARCH_PATHS = "$(inherited) @executable_path/Frameworks @loader_path/Frameworks";
				PRODUCT_BUNDLE_IDENTIFIER = "ar.com.argsoftsolutions.Easy-PlannerUITests";
				PRODUCT_NAME = "$(TARGET_NAME)";
				SWIFT_SWIFT3_OBJC_INFERENCE = On;
				SWIFT_VERSION = 4.0;
				TEST_TARGET_NAME = "Easy Planner";
			};
			name = Debug;
		};
		DAE291F91D6E432B005799CB /* Release */ = {
			isa = XCBuildConfiguration;
			buildSettings = {
				DEVELOPMENT_TEAM = E5YV4NK229;
				INFOPLIST_FILE = "Easy PlannerUITests/Info.plist";
				LD_RUNPATH_SEARCH_PATHS = "$(inherited) @executable_path/Frameworks @loader_path/Frameworks";
				PRODUCT_BUNDLE_IDENTIFIER = "ar.com.argsoftsolutions.Easy-PlannerUITests";
				PRODUCT_NAME = "$(TARGET_NAME)";
				SWIFT_SWIFT3_OBJC_INFERENCE = On;
				SWIFT_VERSION = 4.0;
				TEST_TARGET_NAME = "Easy Planner";
			};
			name = Release;
		};
/* End XCBuildConfiguration section */

/* Begin XCConfigurationList section */
		DAE291C11D6E432A005799CB /* Build configuration list for PBXProject "Easy Planner" */ = {
			isa = XCConfigurationList;
			buildConfigurations = (
				DAE291EF1D6E432B005799CB /* Debug */,
				DAE291F01D6E432B005799CB /* Release */,
			);
			defaultConfigurationIsVisible = 0;
			defaultConfigurationName = Release;
		};
		DAE291F11D6E432B005799CB /* Build configuration list for PBXNativeTarget "Easy Planner" */ = {
			isa = XCConfigurationList;
			buildConfigurations = (
				DAE291F21D6E432B005799CB /* Debug */,
				DAE291F31D6E432B005799CB /* Release */,
			);
			defaultConfigurationIsVisible = 0;
			defaultConfigurationName = Release;
		};
		DAE291F71D6E432B005799CB /* Build configuration list for PBXNativeTarget "Easy PlannerUITests" */ = {
			isa = XCConfigurationList;
			buildConfigurations = (
				DAE291F81D6E432B005799CB /* Debug */,
				DAE291F91D6E432B005799CB /* Release */,
			);
			defaultConfigurationIsVisible = 0;
			defaultConfigurationName = Release;
		};
/* End XCConfigurationList section */

/* Begin XCVersionGroup section */
		DAE291FB1D70D6EF005799CB /* EasyPlanner.xcdatamodeld */ = {
			isa = XCVersionGroup;
			children = (
				DA2BB3231F0FFB5700973B9B /* EasyPlanner 13.xcdatamodel */,
				DA0E94531F0532970019FE19 /* EasyPlanner 12.xcdatamodel */,
				DAE291FC1D70D6EF005799CB /* EasyPlanner 10.xcdatamodel */,
				DAE291FD1D70D6EF005799CB /* EasyPlanner 11.xcdatamodel */,
				DAE291FE1D70D6EF005799CB /* EasyPlanner 2.xcdatamodel */,
				DAE291FF1D70D6EF005799CB /* EasyPlanner 3.xcdatamodel */,
				DAE292001D70D6EF005799CB /* EasyPlanner 4.xcdatamodel */,
				DAE292011D70D6EF005799CB /* EasyPlanner 5.xcdatamodel */,
				DAE292021D70D6EF005799CB /* EasyPlanner 6.xcdatamodel */,
				DAE292031D70D6EF005799CB /* EasyPlanner 7.xcdatamodel */,
				DAE292041D70D6EF005799CB /* EasyPlanner 8.xcdatamodel */,
				DAE292051D70D6EF005799CB /* EasyPlanner 9.xcdatamodel */,
				DAE292061D70D6EF005799CB /* EasyPlanner.xcdatamodel */,
			);
			currentVersion = DA0E94531F0532970019FE19 /* EasyPlanner 12.xcdatamodel */;
			name = EasyPlanner.xcdatamodeld;
			path = ../CoreData/EasyPlanner.xcdatamodeld;
			sourceTree = "<group>";
			versionGroupType = wrapper.xcdatamodel;
		};
/* End XCVersionGroup section */
	};
	rootObject = DAE291BE1D6E432A005799CB /* Project object */;
}
