// !$*UTF8*$!
{
	archiveVersion = 1;
	classes = {
	};
	objectVersion = 46;
	objects = {

/* Begin PBXBuildFile section */
		DA11C2701D75183B00ADB348 /* CalendarDelegate.swift in Sources */ = {isa = PBXBuildFile; fileRef = DA11C26F1D75183B00ADB348 /* CalendarDelegate.swift */; };
		DA11C2721D761EA500ADB348 /* Theme.swift in Sources */ = {isa = PBXBuildFile; fileRef = DA11C2711D761EA500ADB348 /* Theme.swift */; };
		DA11C2741D77B5A400ADB348 /* MainEventViewController.swift in Sources */ = {isa = PBXBuildFile; fileRef = DA11C2731D77B5A400ADB348 /* MainEventViewController.swift */; };
		DA11C2771D7B59E700ADB348 /* MapKit.framework in Frameworks */ = {isa = PBXBuildFile; fileRef = DA11C2761D7B59E700ADB348 /* MapKit.framework */; };
		DA11C2791D7B65CF00ADB348 /* ContactsViewController.swift in Sources */ = {isa = PBXBuildFile; fileRef = DA11C2781D7B65CF00ADB348 /* ContactsViewController.swift */; };
		DA11C2801D7DE84B00ADB348 /* NewContactViewController.swift in Sources */ = {isa = PBXBuildFile; fileRef = DA11C27F1D7DE84B00ADB348 /* NewContactViewController.swift */; };
		DA26950C1EDF9B4000EB73B7 /* OnBoard.storyboard in Resources */ = {isa = PBXBuildFile; fileRef = DA26950A1EDF9B4000EB73B7 /* OnBoard.storyboard */; };
		DA2BB3251F15199600973B9B /* Alert.swift in Sources */ = {isa = PBXBuildFile; fileRef = DA2BB3241F15199600973B9B /* Alert.swift */; };
		DA3941631E70A23800E14D01 /* TrackingClient.swift in Sources */ = {isa = PBXBuildFile; fileRef = DA3941621E70A23800E14D01 /* TrackingClient.swift */; };
		DA3941651E70B0D700E14D01 /* TrackValue.swift in Sources */ = {isa = PBXBuildFile; fileRef = DA3941641E70B0D700E14D01 /* TrackValue.swift */; };
		DA5D57E61E8ADF8100F50CE1 /* CloudEvent.swift in Sources */ = {isa = PBXBuildFile; fileRef = DA5D57E51E8ADF8100F50CE1 /* CloudEvent.swift */; };
		DA71725E1E93E639007F414A /* LoginModel.swift in Sources */ = {isa = PBXBuildFile; fileRef = DA71725D1E93E639007F414A /* LoginModel.swift */; };
		DA75FEA21EA564B200B2FD2D /* EventModel.swift in Sources */ = {isa = PBXBuildFile; fileRef = DA75FEA11EA564B200B2FD2D /* EventModel.swift */; };
		DAA1562A1F05C25C00D39D12 /* HomeTableViewCell.xib in Resources */ = {isa = PBXBuildFile; fileRef = DAA156281F05C25C00D39D12 /* HomeTableViewCell.xib */; };
		DAC5A05B2086AED900478C96 /* DataController.swift in Sources */ = {isa = PBXBuildFile; fileRef = DAC5A05A2086AED900478C96 /* DataController.swift */; };
		DAC5A05E2086AF3E00478C96 /* DataModel.xcdatamodeld in Sources */ = {isa = PBXBuildFile; fileRef = DAC5A05C2086AF3E00478C96 /* DataModel.xcdatamodeld */; };
		DACB22831EE05CC8007D6C4A /* OnboardPageController.swift in Sources */ = {isa = PBXBuildFile; fileRef = DACB22821EE05CC8007D6C4A /* OnboardPageController.swift */; };
		DACB228D1EE0646F007D6C4A /* GoogleService-Info.plist in Resources */ = {isa = PBXBuildFile; fileRef = DACB228C1EE0646F007D6C4A /* GoogleService-Info.plist */; };
		DACB228F1EE0DC8C007D6C4A /* LocatioOnboardViewController.swift in Sources */ = {isa = PBXBuildFile; fileRef = DACB228E1EE0DC8C007D6C4A /* LocatioOnboardViewController.swift */; };
		DACB22911EE0E5E3007D6C4A /* PushOnboardViewController.swift in Sources */ = {isa = PBXBuildFile; fileRef = DACB22901EE0E5E3007D6C4A /* PushOnboardViewController.swift */; };
		DAD3621F1D9DBD5E00B692F9 /* Parser.swift in Sources */ = {isa = PBXBuildFile; fileRef = DAD3621A1D9DBD5E00B692F9 /* Parser.swift */; };
		DAD362201D9DBD5E00B692F9 /* Request.swift in Sources */ = {isa = PBXBuildFile; fileRef = DAD3621B1D9DBD5E00B692F9 /* Request.swift */; };
		DAD362231D9E9E0200B692F9 /* SocialClient.swift in Sources */ = {isa = PBXBuildFile; fileRef = DAD362221D9E9E0200B692F9 /* SocialClient.swift */; };
		DAD8C6A11EE353CF00D13C98 /* RegistrationOnboardViewController.swift in Sources */ = {isa = PBXBuildFile; fileRef = DAD8C6A01EE353CF00D13C98 /* RegistrationOnboardViewController.swift */; };
		DADC85561F0998E100967EDE /* ActivityIndicator.swift in Sources */ = {isa = PBXBuildFile; fileRef = DADC854C1F09975500967EDE /* ActivityIndicator.swift */; };
		DADC85571F0998E400967EDE /* SwitchFieldView.swift in Sources */ = {isa = PBXBuildFile; fileRef = DADC854B1F09974600967EDE /* SwitchFieldView.swift */; };
		DADC85581F0998E700967EDE /* FieldView.swift in Sources */ = {isa = PBXBuildFile; fileRef = DADC854E1F09977500967EDE /* FieldView.swift */; };
		DADC85591F0998E900967EDE /* HomeTableViewCell.swift in Sources */ = {isa = PBXBuildFile; fileRef = DADC85551F09987900967EDE /* HomeTableViewCell.swift */; };
		DADC855A1F0998F400967EDE /* CalendarCollectionViewControll.swift in Sources */ = {isa = PBXBuildFile; fileRef = DADC85511F09980100967EDE /* CalendarCollectionViewControll.swift */; };
		DADC855B1F0998F400967EDE /* CalendarHeader.swift in Sources */ = {isa = PBXBuildFile; fileRef = DADC854F1F09980100967EDE /* CalendarHeader.swift */; };
		DADC855C1F0998F400967EDE /* CalendarModel.swift in Sources */ = {isa = PBXBuildFile; fileRef = DADC85531F09980200967EDE /* CalendarModel.swift */; };
		DADC855D1F0998F400967EDE /* CalendarUtilities.swift in Sources */ = {isa = PBXBuildFile; fileRef = DADC85521F09980200967EDE /* CalendarUtilities.swift */; };
		DADC855E1F0998F400967EDE /* MonthView.swift in Sources */ = {isa = PBXBuildFile; fileRef = DADC85501F09980100967EDE /* MonthView.swift */; };
		DADC855F1F0998F400967EDE /* CalendarCell.swift in Sources */ = {isa = PBXBuildFile; fileRef = DADC85541F09983F00967EDE /* CalendarCell.swift */; };
		DAE291CA1D6E432B005799CB /* AppDelegate.swift in Sources */ = {isa = PBXBuildFile; fileRef = DAE291C91D6E432B005799CB /* AppDelegate.swift */; };
		DAE291D41D6E432B005799CB /* Assets.xcassets in Resources */ = {isa = PBXBuildFile; fileRef = DAE291D31D6E432B005799CB /* Assets.xcassets */; };
		DAE291D71D6E432B005799CB /* LaunchScreen.storyboard in Resources */ = {isa = PBXBuildFile; fileRef = DAE291D51D6E432B005799CB /* LaunchScreen.storyboard */; };
		DAE291ED1D6E432B005799CB /* Easy_PlannerUITests.swift in Sources */ = {isa = PBXBuildFile; fileRef = DAE291EC1D6E432B005799CB /* Easy_PlannerUITests.swift */; };
		DAE2920B1D70DF8B005799CB /* HomeViewController.swift in Sources */ = {isa = PBXBuildFile; fileRef = DAE2920A1D70DF8B005799CB /* HomeViewController.swift */; };
		DAE2924C1D71EB7E005799CB /* NotificationController.swift in Sources */ = {isa = PBXBuildFile; fileRef = DAE2924B1D71EB7E005799CB /* NotificationController.swift */; };
		DAE2D1DC1EDE142800550EA2 /* FacebookSDKStrings.bundle in Resources */ = {isa = PBXBuildFile; fileRef = DAE2D1DB1EDE142800550EA2 /* FacebookSDKStrings.bundle */; };
		DAE732CE1D833DC700B58160 /* Preferences.swift in Sources */ = {isa = PBXBuildFile; fileRef = DAE732CD1D833DC700B58160 /* Preferences.swift */; };
		DAEDBE661E8EC25C0097D3AD /* CloudEventViewController.swift in Sources */ = {isa = PBXBuildFile; fileRef = DAEDBE651E8EC25C0097D3AD /* CloudEventViewController.swift */; };
		ECDBD19FA41246102376E56B /* Pods_Easy_Planner.framework in Frameworks */ = {isa = PBXBuildFile; fileRef = 53EA6DF5B1C66C47F4A48B91 /* Pods_Easy_Planner.framework */; };
/* End PBXBuildFile section */

/* Begin PBXContainerItemProxy section */
		DAE291E91D6E432B005799CB /* PBXContainerItemProxy */ = {
			isa = PBXContainerItemProxy;
			containerPortal = DAE291BE1D6E432A005799CB /* Project object */;
			proxyType = 1;
			remoteGlobalIDString = DAE291C51D6E432A005799CB;
			remoteInfo = "Easy Planner";
		};
/* End PBXContainerItemProxy section */

/* Begin PBXFileReference section */
		4496E25103AD86445CF7A855 /* Pods-Easy Planner.release.xcconfig */ = {isa = PBXFileReference; includeInIndex = 1; lastKnownFileType = text.xcconfig; name = "Pods-Easy Planner.release.xcconfig"; path = "Pods/Target Support Files/Pods-Easy Planner/Pods-Easy Planner.release.xcconfig"; sourceTree = "<group>"; };
		53EA6DF5B1C66C47F4A48B91 /* Pods_Easy_Planner.framework */ = {isa = PBXFileReference; explicitFileType = wrapper.framework; includeInIndex = 0; path = Pods_Easy_Planner.framework; sourceTree = BUILT_PRODUCTS_DIR; };
		DA11C26F1D75183B00ADB348 /* CalendarDelegate.swift */ = {isa = PBXFileReference; fileEncoding = 4; lastKnownFileType = sourcecode.swift; name = CalendarDelegate.swift; path = Protocol/CalendarDelegate.swift; sourceTree = "<group>"; };
		DA11C2711D761EA500ADB348 /* Theme.swift */ = {isa = PBXFileReference; fileEncoding = 4; lastKnownFileType = sourcecode.swift; name = Theme.swift; path = Misc/Theme.swift; sourceTree = "<group>"; };
		DA11C2731D77B5A400ADB348 /* MainEventViewController.swift */ = {isa = PBXFileReference; fileEncoding = 4; lastKnownFileType = sourcecode.swift; name = MainEventViewController.swift; path = "View Controller/MainEventViewController.swift"; sourceTree = "<group>"; };
		DA11C2761D7B59E700ADB348 /* MapKit.framework */ = {isa = PBXFileReference; lastKnownFileType = wrapper.framework; name = MapKit.framework; path = System/Library/Frameworks/MapKit.framework; sourceTree = SDKROOT; };
		DA11C2781D7B65CF00ADB348 /* ContactsViewController.swift */ = {isa = PBXFileReference; fileEncoding = 4; lastKnownFileType = sourcecode.swift; path = ContactsViewController.swift; sourceTree = "<group>"; };
		DA11C27F1D7DE84B00ADB348 /* NewContactViewController.swift */ = {isa = PBXFileReference; fileEncoding = 4; lastKnownFileType = sourcecode.swift; path = NewContactViewController.swift; sourceTree = "<group>"; };
		DA26950B1EDF9B4000EB73B7 /* Base */ = {isa = PBXFileReference; lastKnownFileType = file.storyboard; name = Base; path = Base.lproj/OnBoard.storyboard; sourceTree = "<group>"; };
		DA2BB3241F15199600973B9B /* Alert.swift */ = {isa = PBXFileReference; lastKnownFileType = sourcecode.swift; name = Alert.swift; path = Misc/Alert.swift; sourceTree = "<group>"; };
		DA3941621E70A23800E14D01 /* TrackingClient.swift */ = {isa = PBXFileReference; fileEncoding = 4; lastKnownFileType = sourcecode.swift; name = TrackingClient.swift; path = Network/TrackingClient.swift; sourceTree = "<group>"; };
		DA3941641E70B0D700E14D01 /* TrackValue.swift */ = {isa = PBXFileReference; fileEncoding = 4; lastKnownFileType = sourcecode.swift; name = TrackValue.swift; path = Misc/TrackValue.swift; sourceTree = "<group>"; };
		DA5D57E51E8ADF8100F50CE1 /* CloudEvent.swift */ = {isa = PBXFileReference; fileEncoding = 4; lastKnownFileType = sourcecode.swift; path = CloudEvent.swift; sourceTree = "<group>"; };
		DA71725D1E93E639007F414A /* LoginModel.swift */ = {isa = PBXFileReference; fileEncoding = 4; lastKnownFileType = sourcecode.swift; name = LoginModel.swift; path = Network/LoginModel.swift; sourceTree = "<group>"; };
		DA75FEA11EA564B200B2FD2D /* EventModel.swift */ = {isa = PBXFileReference; fileEncoding = 4; lastKnownFileType = sourcecode.swift; name = EventModel.swift; path = Network/EventModel.swift; sourceTree = "<group>"; };
		DAA156281F05C25C00D39D12 /* HomeTableViewCell.xib */ = {isa = PBXFileReference; lastKnownFileType = file.xib; path = HomeTableViewCell.xib; sourceTree = "<group>"; };
		DAB2CA3B1E79F5B2004AB652 /* Easy Planner-Bridging-Header.h */ = {isa = PBXFileReference; lastKnownFileType = sourcecode.c.h; path = "Easy Planner-Bridging-Header.h"; sourceTree = "<group>"; };
		DAC5A05A2086AED900478C96 /* DataController.swift */ = {isa = PBXFileReference; fileEncoding = 4; lastKnownFileType = sourcecode.swift; path = DataController.swift; sourceTree = "<group>"; };
		DAC5A05D2086AF3E00478C96 /* DataModel.xcdatamodel */ = {isa = PBXFileReference; lastKnownFileType = wrapper.xcdatamodel; path = DataModel.xcdatamodel; sourceTree = "<group>"; };
		DACB22821EE05CC8007D6C4A /* OnboardPageController.swift */ = {isa = PBXFileReference; fileEncoding = 4; lastKnownFileType = sourcecode.swift; name = OnboardPageController.swift; path = Onboard/OnboardPageController.swift; sourceTree = "<group>"; };
		DACB228C1EE0646F007D6C4A /* GoogleService-Info.plist */ = {isa = PBXFileReference; fileEncoding = 4; lastKnownFileType = text.plist.xml; path = "GoogleService-Info.plist"; sourceTree = "<group>"; };
		DACB228E1EE0DC8C007D6C4A /* LocatioOnboardViewController.swift */ = {isa = PBXFileReference; fileEncoding = 4; lastKnownFileType = sourcecode.swift; name = LocatioOnboardViewController.swift; path = Onboard/LocatioOnboardViewController.swift; sourceTree = "<group>"; };
		DACB22901EE0E5E3007D6C4A /* PushOnboardViewController.swift */ = {isa = PBXFileReference; fileEncoding = 4; lastKnownFileType = sourcecode.swift; name = PushOnboardViewController.swift; path = Onboard/PushOnboardViewController.swift; sourceTree = "<group>"; };
		DAD362161D9DA9BE00B692F9 /* Easy Planner.entitlements */ = {isa = PBXFileReference; lastKnownFileType = text.plist.entitlements; path = "Easy Planner.entitlements"; sourceTree = "<group>"; };
		DAD3621A1D9DBD5E00B692F9 /* Parser.swift */ = {isa = PBXFileReference; fileEncoding = 4; lastKnownFileType = sourcecode.swift; name = Parser.swift; path = Network/Parser.swift; sourceTree = "<group>"; };
		DAD3621B1D9DBD5E00B692F9 /* Request.swift */ = {isa = PBXFileReference; fileEncoding = 4; lastKnownFileType = sourcecode.swift; name = Request.swift; path = Network/Request.swift; sourceTree = "<group>"; };
		DAD362221D9E9E0200B692F9 /* SocialClient.swift */ = {isa = PBXFileReference; fileEncoding = 4; lastKnownFileType = sourcecode.swift; name = SocialClient.swift; path = Network/SocialClient.swift; sourceTree = "<group>"; };
		DAD8C6A01EE353CF00D13C98 /* RegistrationOnboardViewController.swift */ = {isa = PBXFileReference; fileEncoding = 4; lastKnownFileType = sourcecode.swift; name = RegistrationOnboardViewController.swift; path = "View Controller/RegistrationOnboardViewController.swift"; sourceTree = "<group>"; };
		DADC854B1F09974600967EDE /* SwitchFieldView.swift */ = {isa = PBXFileReference; lastKnownFileType = sourcecode.swift; path = SwitchFieldView.swift; sourceTree = "<group>"; };
		DADC854C1F09975500967EDE /* ActivityIndicator.swift */ = {isa = PBXFileReference; lastKnownFileType = sourcecode.swift; path = ActivityIndicator.swift; sourceTree = "<group>"; };
		DADC854E1F09977500967EDE /* FieldView.swift */ = {isa = PBXFileReference; lastKnownFileType = sourcecode.swift; path = FieldView.swift; sourceTree = "<group>"; };
		DADC854F1F09980100967EDE /* CalendarHeader.swift */ = {isa = PBXFileReference; lastKnownFileType = sourcecode.swift; path = CalendarHeader.swift; sourceTree = "<group>"; };
		DADC85501F09980100967EDE /* MonthView.swift */ = {isa = PBXFileReference; lastKnownFileType = sourcecode.swift; path = MonthView.swift; sourceTree = "<group>"; };
		DADC85511F09980100967EDE /* CalendarCollectionViewControll.swift */ = {isa = PBXFileReference; lastKnownFileType = sourcecode.swift; path = CalendarCollectionViewControll.swift; sourceTree = "<group>"; };
		DADC85521F09980200967EDE /* CalendarUtilities.swift */ = {isa = PBXFileReference; lastKnownFileType = sourcecode.swift; path = CalendarUtilities.swift; sourceTree = "<group>"; };
		DADC85531F09980200967EDE /* CalendarModel.swift */ = {isa = PBXFileReference; lastKnownFileType = sourcecode.swift; path = CalendarModel.swift; sourceTree = "<group>"; };
		DADC85541F09983F00967EDE /* CalendarCell.swift */ = {isa = PBXFileReference; lastKnownFileType = sourcecode.swift; path = CalendarCell.swift; sourceTree = "<group>"; };
		DADC85551F09987900967EDE /* HomeTableViewCell.swift */ = {isa = PBXFileReference; lastKnownFileType = sourcecode.swift; path = HomeTableViewCell.swift; sourceTree = "<group>"; };
		DAE291C61D6E432B005799CB /* Easy Planner.app */ = {isa = PBXFileReference; explicitFileType = wrapper.application; includeInIndex = 0; path = "Easy Planner.app"; sourceTree = BUILT_PRODUCTS_DIR; };
		DAE291C91D6E432B005799CB /* AppDelegate.swift */ = {isa = PBXFileReference; lastKnownFileType = sourcecode.swift; path = AppDelegate.swift; sourceTree = "<group>"; };
		DAE291D31D6E432B005799CB /* Assets.xcassets */ = {isa = PBXFileReference; lastKnownFileType = folder.assetcatalog; path = Assets.xcassets; sourceTree = "<group>"; };
		DAE291D61D6E432B005799CB /* Base */ = {isa = PBXFileReference; lastKnownFileType = file.storyboard; name = Base; path = Base.lproj/LaunchScreen.storyboard; sourceTree = "<group>"; };
		DAE291D81D6E432B005799CB /* Info.plist */ = {isa = PBXFileReference; lastKnownFileType = text.plist.xml; path = Info.plist; sourceTree = "<group>"; };
		DAE291E11D6E432B005799CB /* Easy_PlannerTests.swift */ = {isa = PBXFileReference; lastKnownFileType = sourcecode.swift; path = Easy_PlannerTests.swift; sourceTree = "<group>"; };
		DAE291E31D6E432B005799CB /* Info.plist */ = {isa = PBXFileReference; lastKnownFileType = text.plist.xml; path = Info.plist; sourceTree = "<group>"; };
		DAE291E81D6E432B005799CB /* Easy PlannerUITests.xctest */ = {isa = PBXFileReference; explicitFileType = wrapper.cfbundle; includeInIndex = 0; path = "Easy PlannerUITests.xctest"; sourceTree = BUILT_PRODUCTS_DIR; };
		DAE291EC1D6E432B005799CB /* Easy_PlannerUITests.swift */ = {isa = PBXFileReference; lastKnownFileType = sourcecode.swift; path = Easy_PlannerUITests.swift; sourceTree = "<group>"; };
		DAE291EE1D6E432B005799CB /* Info.plist */ = {isa = PBXFileReference; lastKnownFileType = text.plist.xml; path = Info.plist; sourceTree = "<group>"; };
		DAE2920A1D70DF8B005799CB /* HomeViewController.swift */ = {isa = PBXFileReference; fileEncoding = 4; lastKnownFileType = sourcecode.swift; name = HomeViewController.swift; path = "View Controller/HomeViewController.swift"; sourceTree = "<group>"; };
		DAE2924B1D71EB7E005799CB /* NotificationController.swift */ = {isa = PBXFileReference; fileEncoding = 4; lastKnownFileType = sourcecode.swift; name = NotificationController.swift; path = Misc/NotificationController.swift; sourceTree = "<group>"; };
		DAE2D1DB1EDE142800550EA2 /* FacebookSDKStrings.bundle */ = {isa = PBXFileReference; lastKnownFileType = "wrapper.plug-in"; path = FacebookSDKStrings.bundle; sourceTree = "<group>"; };
		DAE732CD1D833DC700B58160 /* Preferences.swift */ = {isa = PBXFileReference; fileEncoding = 4; lastKnownFileType = sourcecode.swift; name = Preferences.swift; path = Misc/Preferences.swift; sourceTree = "<group>"; };
		DAEDBE651E8EC25C0097D3AD /* CloudEventViewController.swift */ = {isa = PBXFileReference; fileEncoding = 4; lastKnownFileType = sourcecode.swift; path = CloudEventViewController.swift; sourceTree = "<group>"; };
		F512C3A6F3CFA8F8DC1851A3 /* Pods-Easy Planner.debug.xcconfig */ = {isa = PBXFileReference; includeInIndex = 1; lastKnownFileType = text.xcconfig; name = "Pods-Easy Planner.debug.xcconfig"; path = "Pods/Target Support Files/Pods-Easy Planner/Pods-Easy Planner.debug.xcconfig"; sourceTree = "<group>"; };
/* End PBXFileReference section */

/* Begin PBXFrameworksBuildPhase section */
		DAE291C31D6E432A005799CB /* Frameworks */ = {
			isa = PBXFrameworksBuildPhase;
			buildActionMask = 2147483647;
			files = (
				DA11C2771D7B59E700ADB348 /* MapKit.framework in Frameworks */,
				ECDBD19FA41246102376E56B /* Pods_Easy_Planner.framework in Frameworks */,
			);
			runOnlyForDeploymentPostprocessing = 0;
		};
		DAE291E51D6E432B005799CB /* Frameworks */ = {
			isa = PBXFrameworksBuildPhase;
			buildActionMask = 2147483647;
			files = (
			);
			runOnlyForDeploymentPostprocessing = 0;
		};
/* End PBXFrameworksBuildPhase section */

/* Begin PBXGroup section */
		C79AE75A9B157152939A1E53 /* Pods */ = {
			isa = PBXGroup;
			children = (
				F512C3A6F3CFA8F8DC1851A3 /* Pods-Easy Planner.debug.xcconfig */,
				4496E25103AD86445CF7A855 /* Pods-Easy Planner.release.xcconfig */,
			);
			name = Pods;
			sourceTree = "<group>";
		};
		DA11C2671D73987D00ADB348 /* Views */ = {
			isa = PBXGroup;
			children = (
				DADC854E1F09977500967EDE /* FieldView.swift */,
				DADC854B1F09974600967EDE /* SwitchFieldView.swift */,
				DADC854C1F09975500967EDE /* ActivityIndicator.swift */,
			);
			path = Views;
			sourceTree = "<group>";
		};
		DA11C26E1D75180A00ADB348 /* Protocol */ = {
			isa = PBXGroup;
			children = (
				DA11C26F1D75183B00ADB348 /* CalendarDelegate.swift */,
			);
			name = Protocol;
			sourceTree = "<group>";
		};
		DA11C2751D7B59E700ADB348 /* Frameworks */ = {
			isa = PBXGroup;
			children = (
				DA11C2761D7B59E700ADB348 /* MapKit.framework */,
				53EA6DF5B1C66C47F4A48B91 /* Pods_Easy_Planner.framework */,
			);
			name = Frameworks;
			sourceTree = "<group>";
		};
		DA26950D1EDF9B5800EB73B7 /* OnBoard */ = {
			isa = PBXGroup;
			children = (
				DA26950A1EDF9B4000EB73B7 /* OnBoard.storyboard */,
				DACB22821EE05CC8007D6C4A /* OnboardPageController.swift */,
				DACB228E1EE0DC8C007D6C4A /* LocatioOnboardViewController.swift */,
				DACB22901EE0E5E3007D6C4A /* PushOnboardViewController.swift */,
				DAD8C6A01EE353CF00D13C98 /* RegistrationOnboardViewController.swift */,
			);
			name = OnBoard;
			sourceTree = "<group>";
		};
		DA5D57E41E8ADF4700F50CE1 /* View Model */ = {
			isa = PBXGroup;
			children = (
			);
			name = "View Model";
			sourceTree = "<group>";
		};
		DA73E40B1ECE3E3C0046B56A /* Calendar */ = {
			isa = PBXGroup;
			children = (
				DADC85511F09980100967EDE /* CalendarCollectionViewControll.swift */,
				DADC854F1F09980100967EDE /* CalendarHeader.swift */,
				DADC85531F09980200967EDE /* CalendarModel.swift */,
				DADC85521F09980200967EDE /* CalendarUtilities.swift */,
				DADC85501F09980100967EDE /* MonthView.swift */,
				DADC85541F09983F00967EDE /* CalendarCell.swift */,
			);
			path = Calendar;
			sourceTree = "<group>";
		};
		DAA156261F059CDA00D39D12 /* Cloud View */ = {
			isa = PBXGroup;
			children = (
				DAEDBE651E8EC25C0097D3AD /* CloudEventViewController.swift */,
				DA5D57E51E8ADF8100F50CE1 /* CloudEvent.swift */,
			);
			path = "Cloud View";
			sourceTree = "<group>";
		};
		DAD362171D9DBD1200B692F9 /* Network */ = {
			isa = PBXGroup;
			children = (
				DAD3621A1D9DBD5E00B692F9 /* Parser.swift */,
				DAD3621B1D9DBD5E00B692F9 /* Request.swift */,
				DAD362221D9E9E0200B692F9 /* SocialClient.swift */,
				DA3941621E70A23800E14D01 /* TrackingClient.swift */,
				DAB2CA3B1E79F5B2004AB652 /* Easy Planner-Bridging-Header.h */,
				DA75FEA11EA564B200B2FD2D /* EventModel.swift */,
				DA71725D1E93E639007F414A /* LoginModel.swift */,
			);
			name = Network;
			sourceTree = "<group>";
		};
		DAE291BD1D6E432A005799CB = {
			isa = PBXGroup;
			children = (
				DAE291C81D6E432B005799CB /* Easy Planner */,
				DAE291E01D6E432B005799CB /* Easy PlannerTests */,
				DAE291EB1D6E432B005799CB /* Easy PlannerUITests */,
				DAE291C71D6E432B005799CB /* Products */,
				DA11C2751D7B59E700ADB348 /* Frameworks */,
				C79AE75A9B157152939A1E53 /* Pods */,
			);
			sourceTree = "<group>";
		};
		DAE291C71D6E432B005799CB /* Products */ = {
			isa = PBXGroup;
			children = (
				DAE291C61D6E432B005799CB /* Easy Planner.app */,
				DAE291E81D6E432B005799CB /* Easy PlannerUITests.xctest */,
			);
			name = Products;
			sourceTree = "<group>";
		};
		DAE291C81D6E432B005799CB /* Easy Planner */ = {
			isa = PBXGroup;
			children = (
				DAA156261F059CDA00D39D12 /* Cloud View */,
				DAF9F6721F0542C900588825 /* Contact View */,
				DA26950D1EDF9B5800EB73B7 /* OnBoard */,
				DAE2D1DB1EDE142800550EA2 /* FacebookSDKStrings.bundle */,
				DA73E40B1ECE3E3C0046B56A /* Calendar */,
				DAD362161D9DA9BE00B692F9 /* Easy Planner.entitlements */,
				DAD362171D9DBD1200B692F9 /* Network */,
				DA11C26E1D75180A00ADB348 /* Protocol */,
				DAE2924A1D71EB4F005799CB /* Misc */,
				DAE2920C1D70E14F005799CB /* Cells */,
				DA11C2671D73987D00ADB348 /* Views */,
				DA5D57E41E8ADF4700F50CE1 /* View Model */,
				DAE292091D70DD80005799CB /* Main View */,
				DAE292081D70DD4A005799CB /* Storyboard & xib */,
				DAE291FA1D70D6D2005799CB /* DataModel */,
				DAE291C91D6E432B005799CB /* AppDelegate.swift */,
				DAE291D31D6E432B005799CB /* Assets.xcassets */,
				DACB228C1EE0646F007D6C4A /* GoogleService-Info.plist */,
				DAE291D81D6E432B005799CB /* Info.plist */,
			);
			path = "Easy Planner";
			sourceTree = "<group>";
		};
		DAE291E01D6E432B005799CB /* Easy PlannerTests */ = {
			isa = PBXGroup;
			children = (
				DAE291E11D6E432B005799CB /* Easy_PlannerTests.swift */,
				DAE291E31D6E432B005799CB /* Info.plist */,
			);
			path = "Easy PlannerTests";
			sourceTree = "<group>";
		};
		DAE291EB1D6E432B005799CB /* Easy PlannerUITests */ = {
			isa = PBXGroup;
			children = (
				DAE291EC1D6E432B005799CB /* Easy_PlannerUITests.swift */,
				DAE291EE1D6E432B005799CB /* Info.plist */,
			);
			path = "Easy PlannerUITests";
			sourceTree = "<group>";
		};
		DAE291FA1D70D6D2005799CB /* DataModel */ = {
			isa = PBXGroup;
			children = (
				DAC5A05A2086AED900478C96 /* DataController.swift */,
				DAC5A05C2086AF3E00478C96 /* DataModel.xcdatamodeld */,
			);
			path = DataModel;
			sourceTree = "<group>";
		};
		DAE292081D70DD4A005799CB /* Storyboard & xib */ = {
			isa = PBXGroup;
			children = (
				DAE291D51D6E432B005799CB /* LaunchScreen.storyboard */,
			);
			name = "Storyboard & xib";
			sourceTree = "<group>";
		};
		DAE292091D70DD80005799CB /* Main View */ = {
			isa = PBXGroup;
			children = (
				DAE2920A1D70DF8B005799CB /* HomeViewController.swift */,
				DA11C2731D77B5A400ADB348 /* MainEventViewController.swift */,
			);
			name = "Main View";
			sourceTree = "<group>";
		};
		DAE2920C1D70E14F005799CB /* Cells */ = {
			isa = PBXGroup;
			children = (
				DADC85551F09987900967EDE /* HomeTableViewCell.swift */,
				DAA156281F05C25C00D39D12 /* HomeTableViewCell.xib */,
			);
			path = Cells;
			sourceTree = "<group>";
		};
		DAE2924A1D71EB4F005799CB /* Misc */ = {
			isa = PBXGroup;
			children = (
				DA11C2711D761EA500ADB348 /* Theme.swift */,
				DAE2924B1D71EB7E005799CB /* NotificationController.swift */,
				DAE732CD1D833DC700B58160 /* Preferences.swift */,
				DA3941641E70B0D700E14D01 /* TrackValue.swift */,
				DA2BB3241F15199600973B9B /* Alert.swift */,
			);
			name = Misc;
			sourceTree = "<group>";
		};
		DAF9F6721F0542C900588825 /* Contact View */ = {
			isa = PBXGroup;
			children = (
				DA11C2781D7B65CF00ADB348 /* ContactsViewController.swift */,
				DA11C27F1D7DE84B00ADB348 /* NewContactViewController.swift */,
			);
			path = "Contact View";
			sourceTree = "<group>";
		};
/* End PBXGroup section */

/* Begin PBXNativeTarget section */
		DAE291C51D6E432A005799CB /* Easy Planner */ = {
			isa = PBXNativeTarget;
			buildConfigurationList = DAE291F11D6E432B005799CB /* Build configuration list for PBXNativeTarget "Easy Planner" */;
			buildPhases = (
				2E43DFE0A757807C7244B375 /* [CP] Check Pods Manifest.lock */,
				DAE291C21D6E432A005799CB /* Sources */,
				DAE291C31D6E432A005799CB /* Frameworks */,
				DAE291C41D6E432A005799CB /* Resources */,
				C40A00A544451BE3CE104F1F /* [CP] Embed Pods Frameworks */,
				72C13A94154E81E99A5D7E44 /* [CP] Copy Pods Resources */,
			);
			buildRules = (
			);
			dependencies = (
			);
			name = "Easy Planner";
			productName = "Easy Planner";
			productReference = DAE291C61D6E432B005799CB /* Easy Planner.app */;
			productType = "com.apple.product-type.application";
		};
		DAE291E71D6E432B005799CB /* Easy PlannerUITests */ = {
			isa = PBXNativeTarget;
			buildConfigurationList = DAE291F71D6E432B005799CB /* Build configuration list for PBXNativeTarget "Easy PlannerUITests" */;
			buildPhases = (
				DAE291E41D6E432B005799CB /* Sources */,
				DAE291E51D6E432B005799CB /* Frameworks */,
				DAE291E61D6E432B005799CB /* Resources */,
			);
			buildRules = (
			);
			dependencies = (
				DAE291EA1D6E432B005799CB /* PBXTargetDependency */,
			);
			name = "Easy PlannerUITests";
			productName = "Easy PlannerUITests";
			productReference = DAE291E81D6E432B005799CB /* Easy PlannerUITests.xctest */;
			productType = "com.apple.product-type.bundle.ui-testing";
		};
/* End PBXNativeTarget section */

/* Begin PBXProject section */
		DAE291BE1D6E432A005799CB /* Project object */ = {
			isa = PBXProject;
			attributes = {
				LastSwiftUpdateCheck = 0800;
				LastUpgradeCheck = 0940;
				ORGANIZATIONNAME = "Marcos Tirao";
				TargetAttributes = {
					DAE291C51D6E432A005799CB = {
						CreatedOnToolsVersion = 8.0;
						DevelopmentTeam = E5YV4NK229;
						LastSwiftMigration = 0900;
						ProvisioningStyle = Automatic;
						SystemCapabilities = {
							com.apple.Maps.iOS = {
								enabled = 1;
							};
							com.apple.Push = {
								enabled = 1;
							};
						};
					};
					DAE291E71D6E432B005799CB = {
						CreatedOnToolsVersion = 8.0;
						DevelopmentTeam = E5YV4NK229;
						LastSwiftMigration = 0900;
						ProvisioningStyle = Automatic;
						TestTargetID = DAE291C51D6E432A005799CB;
					};
				};
			};
			buildConfigurationList = DAE291C11D6E432A005799CB /* Build configuration list for PBXProject "Easy Planner" */;
			compatibilityVersion = "Xcode 3.2";
			developmentRegion = English;
			hasScannedForEncodings = 0;
			knownRegions = (
				en,
				Base,
			);
			mainGroup = DAE291BD1D6E432A005799CB;
			productRefGroup = DAE291C71D6E432B005799CB /* Products */;
			projectDirPath = "";
			projectRoot = "";
			targets = (
				DAE291C51D6E432A005799CB /* Easy Planner */,
				DAE291E71D6E432B005799CB /* Easy PlannerUITests */,
			);
		};
/* End PBXProject section */

/* Begin PBXResourcesBuildPhase section */
		DAE291C41D6E432A005799CB /* Resources */ = {
			isa = PBXResourcesBuildPhase;
			buildActionMask = 2147483647;
			files = (
				DAE2D1DC1EDE142800550EA2 /* FacebookSDKStrings.bundle in Resources */,
				DA26950C1EDF9B4000EB73B7 /* OnBoard.storyboard in Resources */,
				DAE291D71D6E432B005799CB /* LaunchScreen.storyboard in Resources */,
				DAE291D41D6E432B005799CB /* Assets.xcassets in Resources */,
				DACB228D1EE0646F007D6C4A /* GoogleService-Info.plist in Resources */,
				DAA1562A1F05C25C00D39D12 /* HomeTableViewCell.xib in Resources */,
			);
			runOnlyForDeploymentPostprocessing = 0;
		};
		DAE291E61D6E432B005799CB /* Resources */ = {
			isa = PBXResourcesBuildPhase;
			buildActionMask = 2147483647;
			files = (
			);
			runOnlyForDeploymentPostprocessing = 0;
		};
/* End PBXResourcesBuildPhase section */

/* Begin PBXShellScriptBuildPhase section */
		2E43DFE0A757807C7244B375 /* [CP] Check Pods Manifest.lock */ = {
			isa = PBXShellScriptBuildPhase;
			buildActionMask = 2147483647;
			files = (
			);
			inputPaths = (
				"${PODS_PODFILE_DIR_PATH}/Podfile.lock",
				"${PODS_ROOT}/Manifest.lock",
			);
			name = "[CP] Check Pods Manifest.lock";
			outputPaths = (
				"$(DERIVED_FILE_DIR)/Pods-Easy Planner-checkManifestLockResult.txt",
			);
			runOnlyForDeploymentPostprocessing = 0;
			shellPath = /bin/sh;
			shellScript = "diff \"${PODS_PODFILE_DIR_PATH}/Podfile.lock\" \"${PODS_ROOT}/Manifest.lock\" > /dev/null\nif [ $? != 0 ] ; then\n    # print error to STDERR\n    echo \"error: The sandbox is not in sync with the Podfile.lock. Run 'pod install' or update your CocoaPods installation.\" >&2\n    exit 1\nfi\n# This output is used by Xcode 'outputs' to avoid re-running this script phase.\necho \"SUCCESS\" > \"${SCRIPT_OUTPUT_FILE_0}\"\n";
			showEnvVarsInLog = 0;
		};
		72C13A94154E81E99A5D7E44 /* [CP] Copy Pods Resources */ = {
			isa = PBXShellScriptBuildPhase;
			buildActionMask = 2147483647;
			files = (
			);
			inputPaths = (
				"${SRCROOT}/Pods/Target Support Files/Pods-Easy Planner/Pods-Easy Planner-resources.sh",
				"${PODS_ROOT}/AccountKit/AccountKitStrings.bundle",
			);
			name = "[CP] Copy Pods Resources";
			outputPaths = (
				"${TARGET_BUILD_DIR}/${UNLOCALIZED_RESOURCES_FOLDER_PATH}/AccountKitStrings.bundle",
			);
			runOnlyForDeploymentPostprocessing = 0;
			shellPath = /bin/sh;
			shellScript = "\"${SRCROOT}/Pods/Target Support Files/Pods-Easy Planner/Pods-Easy Planner-resources.sh\"\n";
			showEnvVarsInLog = 0;
		};
		C40A00A544451BE3CE104F1F /* [CP] Embed Pods Frameworks */ = {
			isa = PBXShellScriptBuildPhase;
			buildActionMask = 2147483647;
			files = (
			);
			inputPaths = (
				"${SRCROOT}/Pods/Target Support Files/Pods-Easy Planner/Pods-Easy Planner-frameworks.sh",
				"${BUILT_PRODUCTS_DIR}/Bolts/Bolts.framework",
				"${BUILT_PRODUCTS_DIR}/DateTimePicker/DateTimePicker.framework",
				"${BUILT_PRODUCTS_DIR}/FBSDKCoreKit/FBSDKCoreKit.framework",
				"${BUILT_PRODUCTS_DIR}/FBSDKLoginKit/FBSDKLoginKit.framework",
				"${BUILT_PRODUCTS_DIR}/FacebookCore/FacebookCore.framework",
				"${BUILT_PRODUCTS_DIR}/FacebookLogin/FacebookLogin.framework",
				"${BUILT_PRODUCTS_DIR}/SnapKit/SnapKit.framework",
				"${BUILT_PRODUCTS_DIR}/UIFontComplete/UIFontComplete.framework",
			);
			name = "[CP] Embed Pods Frameworks";
			outputPaths = (
				"${TARGET_BUILD_DIR}/${FRAMEWORKS_FOLDER_PATH}/Bolts.framework",
				"${TARGET_BUILD_DIR}/${FRAMEWORKS_FOLDER_PATH}/DateTimePicker.framework",
				"${TARGET_BUILD_DIR}/${FRAMEWORKS_FOLDER_PATH}/FBSDKCoreKit.framework",
				"${TARGET_BUILD_DIR}/${FRAMEWORKS_FOLDER_PATH}/FBSDKLoginKit.framework",
				"${TARGET_BUILD_DIR}/${FRAMEWORKS_FOLDER_PATH}/FacebookCore.framework",
				"${TARGET_BUILD_DIR}/${FRAMEWORKS_FOLDER_PATH}/FacebookLogin.framework",
				"${TARGET_BUILD_DIR}/${FRAMEWORKS_FOLDER_PATH}/SnapKit.framework",
				"${TARGET_BUILD_DIR}/${FRAMEWORKS_FOLDER_PATH}/UIFontComplete.framework",
			);
			runOnlyForDeploymentPostprocessing = 0;
			shellPath = /bin/sh;
			shellScript = "\"${SRCROOT}/Pods/Target Support Files/Pods-Easy Planner/Pods-Easy Planner-frameworks.sh\"\n";
			showEnvVarsInLog = 0;
		};
/* End PBXShellScriptBuildPhase section */

/* Begin PBXSourcesBuildPhase section */
		DAE291C21D6E432A005799CB /* Sources */ = {
			isa = PBXSourcesBuildPhase;
			buildActionMask = 2147483647;
			files = (
				DA2BB3251F15199600973B9B /* Alert.swift in Sources */,
				DADC85561F0998E100967EDE /* ActivityIndicator.swift in Sources */,
				DA3941631E70A23800E14D01 /* TrackingClient.swift in Sources */,
				DADC855A1F0998F400967EDE /* CalendarCollectionViewControll.swift in Sources */,
				DADC85571F0998E400967EDE /* SwitchFieldView.swift in Sources */,
				DA3941651E70B0D700E14D01 /* TrackValue.swift in Sources */,
				DA5D57E61E8ADF8100F50CE1 /* CloudEvent.swift in Sources */,
				DADC855C1F0998F400967EDE /* CalendarModel.swift in Sources */,
				DAE2924C1D71EB7E005799CB /* NotificationController.swift in Sources */,
				DACB22831EE05CC8007D6C4A /* OnboardPageController.swift in Sources */,
				DA11C2721D761EA500ADB348 /* Theme.swift in Sources */,
				DADC855F1F0998F400967EDE /* CalendarCell.swift in Sources */,
				DAE732CE1D833DC700B58160 /* Preferences.swift in Sources */,
				DA75FEA21EA564B200B2FD2D /* EventModel.swift in Sources */,
				DAD8C6A11EE353CF00D13C98 /* RegistrationOnboardViewController.swift in Sources */,
				DAC5A05E2086AF3E00478C96 /* DataModel.xcdatamodeld in Sources */,
				DADC85581F0998E700967EDE /* FieldView.swift in Sources */,
				DACB22911EE0E5E3007D6C4A /* PushOnboardViewController.swift in Sources */,
				DAD362231D9E9E0200B692F9 /* SocialClient.swift in Sources */,
				DAD3621F1D9DBD5E00B692F9 /* Parser.swift in Sources */,
				DACB228F1EE0DC8C007D6C4A /* LocatioOnboardViewController.swift in Sources */,
				DADC855E1F0998F400967EDE /* MonthView.swift in Sources */,
				DADC855D1F0998F400967EDE /* CalendarUtilities.swift in Sources */,
				DAE291CA1D6E432B005799CB /* AppDelegate.swift in Sources */,
				DADC855B1F0998F400967EDE /* CalendarHeader.swift in Sources */,
				DA71725E1E93E639007F414A /* LoginModel.swift in Sources */,
				DAE2920B1D70DF8B005799CB /* HomeViewController.swift in Sources */,
				DAD362201D9DBD5E00B692F9 /* Request.swift in Sources */,
				DA11C2791D7B65CF00ADB348 /* ContactsViewController.swift in Sources */,
				DA11C2701D75183B00ADB348 /* CalendarDelegate.swift in Sources */,
				DAC5A05B2086AED900478C96 /* DataController.swift in Sources */,
				DA11C2741D77B5A400ADB348 /* MainEventViewController.swift in Sources */,
				DAEDBE661E8EC25C0097D3AD /* CloudEventViewController.swift in Sources */,
				DA11C2801D7DE84B00ADB348 /* NewContactViewController.swift in Sources */,
				DADC85591F0998E900967EDE /* HomeTableViewCell.swift in Sources */,
			);
			runOnlyForDeploymentPostprocessing = 0;
		};
		DAE291E41D6E432B005799CB /* Sources */ = {
			isa = PBXSourcesBuildPhase;
			buildActionMask = 2147483647;
			files = (
				DAE291ED1D6E432B005799CB /* Easy_PlannerUITests.swift in Sources */,
			);
			runOnlyForDeploymentPostprocessing = 0;
		};
/* End PBXSourcesBuildPhase section */

/* Begin PBXTargetDependency section */
		DAE291EA1D6E432B005799CB /* PBXTargetDependency */ = {
			isa = PBXTargetDependency;
			target = DAE291C51D6E432A005799CB /* Easy Planner */;
			targetProxy = DAE291E91D6E432B005799CB /* PBXContainerItemProxy */;
		};
/* End PBXTargetDependency section */

/* Begin PBXVariantGroup section */
		DA26950A1EDF9B4000EB73B7 /* OnBoard.storyboard */ = {
			isa = PBXVariantGroup;
			children = (
				DA26950B1EDF9B4000EB73B7 /* Base */,
			);
			name = OnBoard.storyboard;
			sourceTree = "<group>";
		};
		DAE291D51D6E432B005799CB /* LaunchScreen.storyboard */ = {
			isa = PBXVariantGroup;
			children = (
				DAE291D61D6E432B005799CB /* Base */,
			);
			name = LaunchScreen.storyboard;
			sourceTree = "<group>";
		};
/* End PBXVariantGroup section */

/* Begin XCBuildConfiguration section */
		DAE291EF1D6E432B005799CB /* Debug */ = {
			isa = XCBuildConfiguration;
			buildSettings = {
				ALWAYS_SEARCH_USER_PATHS = NO;
				CLANG_ANALYZER_NONNULL = YES;
				CLANG_CXX_LANGUAGE_STANDARD = "gnu++0x";
				CLANG_CXX_LIBRARY = "libc++";
				CLANG_ENABLE_MODULES = YES;
				CLANG_ENABLE_OBJC_ARC = YES;
				CLANG_WARN_BLOCK_CAPTURE_AUTORELEASING = YES;
				CLANG_WARN_BOOL_CONVERSION = YES;
				CLANG_WARN_COMMA = YES;
				CLANG_WARN_CONSTANT_CONVERSION = YES;
				CLANG_WARN_DEPRECATED_OBJC_IMPLEMENTATIONS = YES;
				CLANG_WARN_DIRECT_OBJC_ISA_USAGE = YES_ERROR;
				CLANG_WARN_DOCUMENTATION_COMMENTS = YES;
				CLANG_WARN_EMPTY_BODY = YES;
				CLANG_WARN_ENUM_CONVERSION = YES;
				CLANG_WARN_INFINITE_RECURSION = YES;
				CLANG_WARN_INT_CONVERSION = YES;
				CLANG_WARN_NON_LITERAL_NULL_CONVERSION = YES;
				CLANG_WARN_OBJC_IMPLICIT_RETAIN_SELF = YES;
				CLANG_WARN_OBJC_LITERAL_CONVERSION = YES;
				CLANG_WARN_OBJC_ROOT_CLASS = YES_ERROR;
				CLANG_WARN_RANGE_LOOP_ANALYSIS = YES;
				CLANG_WARN_STRICT_PROTOTYPES = YES;
				CLANG_WARN_SUSPICIOUS_MOVE = YES;
				CLANG_WARN_SUSPICIOUS_MOVES = YES;
				CLANG_WARN_UNREACHABLE_CODE = YES;
				CLANG_WARN__DUPLICATE_METHOD_MATCH = YES;
				"CODE_SIGN_IDENTITY[sdk=iphoneos*]" = "iPhone Developer";
				COPY_PHASE_STRIP = NO;
				DEBUG_INFORMATION_FORMAT = dwarf;
				ENABLE_STRICT_OBJC_MSGSEND = YES;
				ENABLE_TESTABILITY = YES;
				GCC_C_LANGUAGE_STANDARD = gnu99;
				GCC_DYNAMIC_NO_PIC = NO;
				GCC_NO_COMMON_BLOCKS = YES;
				GCC_OPTIMIZATION_LEVEL = 0;
				GCC_PREPROCESSOR_DEFINITIONS = (
					"DEBUG=1",
					"$(inherited)",
				);
				GCC_WARN_64_TO_32_BIT_CONVERSION = YES;
				GCC_WARN_ABOUT_RETURN_TYPE = YES_ERROR;
				GCC_WARN_UNDECLARED_SELECTOR = YES;
				GCC_WARN_UNINITIALIZED_AUTOS = YES_AGGRESSIVE;
				GCC_WARN_UNUSED_FUNCTION = YES;
				GCC_WARN_UNUSED_VARIABLE = YES;
				IPHONEOS_DEPLOYMENT_TARGET = 9.3;
				MTL_ENABLE_DEBUG_INFO = YES;
				ONLY_ACTIVE_ARCH = YES;
				SDKROOT = iphoneos;
				SWIFT_ACTIVE_COMPILATION_CONDITIONS = DEBUG;
				SWIFT_OPTIMIZATION_LEVEL = "-Onone";
			};
			name = Debug;
		};
		DAE291F01D6E432B005799CB /* Release */ = {
			isa = XCBuildConfiguration;
			buildSettings = {
				ALWAYS_SEARCH_USER_PATHS = NO;
				CLANG_ANALYZER_NONNULL = YES;
				CLANG_CXX_LANGUAGE_STANDARD = "gnu++0x";
				CLANG_CXX_LIBRARY = "libc++";
				CLANG_ENABLE_MODULES = YES;
				CLANG_ENABLE_OBJC_ARC = YES;
				CLANG_WARN_BLOCK_CAPTURE_AUTORELEASING = YES;
				CLANG_WARN_BOOL_CONVERSION = YES;
				CLANG_WARN_COMMA = YES;
				CLANG_WARN_CONSTANT_CONVERSION = YES;
				CLANG_WARN_DEPRECATED_OBJC_IMPLEMENTATIONS = YES;
				CLANG_WARN_DIRECT_OBJC_ISA_USAGE = YES_ERROR;
				CLANG_WARN_DOCUMENTATION_COMMENTS = YES;
				CLANG_WARN_EMPTY_BODY = YES;
				CLANG_WARN_ENUM_CONVERSION = YES;
				CLANG_WARN_INFINITE_RECURSION = YES;
				CLANG_WARN_INT_CONVERSION = YES;
				CLANG_WARN_NON_LITERAL_NULL_CONVERSION = YES;
				CLANG_WARN_OBJC_IMPLICIT_RETAIN_SELF = YES;
				CLANG_WARN_OBJC_LITERAL_CONVERSION = YES;
				CLANG_WARN_OBJC_ROOT_CLASS = YES_ERROR;
				CLANG_WARN_RANGE_LOOP_ANALYSIS = YES;
				CLANG_WARN_STRICT_PROTOTYPES = YES;
				CLANG_WARN_SUSPICIOUS_MOVE = YES;
				CLANG_WARN_SUSPICIOUS_MOVES = YES;
				CLANG_WARN_UNREACHABLE_CODE = YES;
				CLANG_WARN__DUPLICATE_METHOD_MATCH = YES;
				"CODE_SIGN_IDENTITY[sdk=iphoneos*]" = "iPhone Developer";
				COPY_PHASE_STRIP = NO;
				DEBUG_INFORMATION_FORMAT = "dwarf-with-dsym";
				ENABLE_NS_ASSERTIONS = NO;
				ENABLE_STRICT_OBJC_MSGSEND = YES;
				GCC_C_LANGUAGE_STANDARD = gnu99;
				GCC_NO_COMMON_BLOCKS = YES;
				GCC_WARN_64_TO_32_BIT_CONVERSION = YES;
				GCC_WARN_ABOUT_RETURN_TYPE = YES_ERROR;
				GCC_WARN_UNDECLARED_SELECTOR = YES;
				GCC_WARN_UNINITIALIZED_AUTOS = YES_AGGRESSIVE;
				GCC_WARN_UNUSED_FUNCTION = YES;
				GCC_WARN_UNUSED_VARIABLE = YES;
				IPHONEOS_DEPLOYMENT_TARGET = 9.3;
				MTL_ENABLE_DEBUG_INFO = NO;
				SDKROOT = iphoneos;
				SWIFT_OPTIMIZATION_LEVEL = "-Owholemodule";
				VALIDATE_PRODUCT = YES;
			};
			name = Release;
		};
		DAE291F21D6E432B005799CB /* Debug */ = {
			isa = XCBuildConfiguration;
			baseConfigurationReference = F512C3A6F3CFA8F8DC1851A3 /* Pods-Easy Planner.debug.xcconfig */;
			buildSettings = {
				ASSETCATALOG_COMPILER_APPICON_NAME = AppIcon;
				CLANG_ENABLE_MODULES = YES;
				CODE_SIGN_ENTITLEMENTS = "Easy Planner/Easy Planner.entitlements";
				DEVELOPMENT_TEAM = E5YV4NK229;
				FRAMEWORK_SEARCH_PATHS = (
					"$(inherited)",
					"$(PROJECT_DIR)/Easy\\ Planner",
					"$(PROJECT_DIR)",
					"$(PROJECT_DIR)/Frameworks",
				);
				INFOPLIST_FILE = "Easy Planner/Info.plist";
				IPHONEOS_DEPLOYMENT_TARGET = 9.3;
				LD_RUNPATH_SEARCH_PATHS = "$(inherited) @executable_path/Frameworks";
				PRODUCT_BUNDLE_IDENTIFIER = "ar.com.argsoftsolutions.Easy-Planner";
				PRODUCT_NAME = "$(TARGET_NAME)";
				SWIFT_OBJC_BRIDGING_HEADER = "Easy Planner/Easy Planner-Bridging-Header.h";
				SWIFT_OPTIMIZATION_LEVEL = "-Onone";
				SWIFT_SWIFT3_OBJC_INFERENCE = On;
				SWIFT_VERSION = 4.0;
			};
			name = Debug;
		};
		DAE291F31D6E432B005799CB /* Release */ = {
			isa = XCBuildConfiguration;
			baseConfigurationReference = 4496E25103AD86445CF7A855 /* Pods-Easy Planner.release.xcconfig */;
			buildSettings = {
				ASSETCATALOG_COMPILER_APPICON_NAME = AppIcon;
				CLANG_ENABLE_MODULES = YES;
				CODE_SIGN_ENTITLEMENTS = "Easy Planner/Easy Planner.entitlements";
				DEVELOPMENT_TEAM = E5YV4NK229;
				FRAMEWORK_SEARCH_PATHS = (
					"$(inherited)",
					"$(PROJECT_DIR)/Easy\\ Planner",
					"$(PROJECT_DIR)",
					"$(PROJECT_DIR)/Frameworks",
				);
				INFOPLIST_FILE = "Easy Planner/Info.plist";
				IPHONEOS_DEPLOYMENT_TARGET = 9.3;
				LD_RUNPATH_SEARCH_PATHS = "$(inherited) @executable_path/Frameworks";
				PRODUCT_BUNDLE_IDENTIFIER = "ar.com.argsoftsolutions.Easy-Planner";
				PRODUCT_NAME = "$(TARGET_NAME)";
				SWIFT_OBJC_BRIDGING_HEADER = "Easy Planner/Easy Planner-Bridging-Header.h";
				SWIFT_SWIFT3_OBJC_INFERENCE = On;
				SWIFT_VERSION = 4.0;
			};
			name = Release;
		};
		DAE291F81D6E432B005799CB /* Debug */ = {
			isa = XCBuildConfiguration;
			buildSettings = {
				DEVELOPMENT_TEAM = E5YV4NK229;
				INFOPLIST_FILE = "Easy PlannerUITests/Info.plist";
				LD_RUNPATH_SEARCH_PATHS = "$(inherited) @executable_path/Frameworks @loader_path/Frameworks";
				PRODUCT_BUNDLE_IDENTIFIER = "ar.com.argsoftsolutions.Easy-PlannerUITests";
				PRODUCT_NAME = "$(TARGET_NAME)";
				SWIFT_SWIFT3_OBJC_INFERENCE = On;
				SWIFT_VERSION = 4.0;
				TEST_TARGET_NAME = "Easy Planner";
			};
			name = Debug;
		};
		DAE291F91D6E432B005799CB /* Release */ = {
			isa = XCBuildConfiguration;
			buildSettings = {
				DEVELOPMENT_TEAM = E5YV4NK229;
				INFOPLIST_FILE = "Easy PlannerUITests/Info.plist";
				LD_RUNPATH_SEARCH_PATHS = "$(inherited) @executable_path/Frameworks @loader_path/Frameworks";
				PRODUCT_BUNDLE_IDENTIFIER = "ar.com.argsoftsolutions.Easy-PlannerUITests";
				PRODUCT_NAME = "$(TARGET_NAME)";
				SWIFT_SWIFT3_OBJC_INFERENCE = On;
				SWIFT_VERSION = 4.0;
				TEST_TARGET_NAME = "Easy Planner";
			};
			name = Release;
		};
/* End XCBuildConfiguration section */

/* Begin XCConfigurationList section */
		DAE291C11D6E432A005799CB /* Build configuration list for PBXProject "Easy Planner" */ = {
			isa = XCConfigurationList;
			buildConfigurations = (
				DAE291EF1D6E432B005799CB /* Debug */,
				DAE291F01D6E432B005799CB /* Release */,
			);
			defaultConfigurationIsVisible = 0;
			defaultConfigurationName = Release;
		};
		DAE291F11D6E432B005799CB /* Build configuration list for PBXNativeTarget "Easy Planner" */ = {
			isa = XCConfigurationList;
			buildConfigurations = (
				DAE291F21D6E432B005799CB /* Debug */,
				DAE291F31D6E432B005799CB /* Release */,
			);
			defaultConfigurationIsVisible = 0;
			defaultConfigurationName = Release;
		};
		DAE291F71D6E432B005799CB /* Build configuration list for PBXNativeTarget "Easy PlannerUITests" */ = {
			isa = XCConfigurationList;
			buildConfigurations = (
				DAE291F81D6E432B005799CB /* Debug */,
				DAE291F91D6E432B005799CB /* Release */,
			);
			defaultConfigurationIsVisible = 0;
			defaultConfigurationName = Release;
		};
/* End XCConfigurationList section */

/* Begin XCVersionGroup section */
		DAC5A05C2086AF3E00478C96 /* DataModel.xcdatamodeld */ = {
			isa = XCVersionGroup;
			children = (
				DAC5A05D2086AF3E00478C96 /* DataModel.xcdatamodel */,
			);
			currentVersion = DAC5A05D2086AF3E00478C96 /* DataModel.xcdatamodel */;
			path = DataModel.xcdatamodeld;
			sourceTree = "<group>";
			versionGroupType = wrapper.xcdatamodel;
		};
/* End XCVersionGroup section */
	};
	rootObject = DAE291BE1D6E432A005799CB /* Project object */;
}
